
Microsoft Visual Studio Solution File, Format Version 12.00
# Visual Studio Version 17
VisualStudioVersion = 17.0.31903.59
MinimumVisualStudioVersion = 10.0.40219.1
Project("{2150E333-8FDC-42A3-9474-1A3956D46DE8}") = "src", "src", "{827E0CD3-B72D-47B6-A68D-7590B98EB39B}"
EndProject
Project("{2150E333-8FDC-42A3-9474-1A3956D46DE8}") = "Presentation", "Presentation", "{22BAF98C-8415-17C4-B26A-D537657BC863}"
EndProject
Project("{2150E333-8FDC-42A3-9474-1A3956D46DE8}") = "Domain", "Domain", "{8B290487-4C16-E85E-E807-F579CBE9FC4D}"
EndProject
Project("{FAE04EC0-301F-11D3-BF4B-00C04F79EFBC}") = "Breadboard.Domain", "src\Domain\Breadboard.Domain\Breadboard.Domain.csproj", "{EAE6FFAD-B8F5-4AFA-8A48-4CD5E2801D05}"
EndProject
Project("{2150E333-8FDC-42A3-9474-1A3956D46DE8}") = "Infrastructure", "Infrastructure", "{9048EB7F-3875-A59E-E36B-5BD4C6F2A282}"
EndProject
Project("{FAE04EC0-301F-11D3-BF4B-00C04F79EFBC}") = "Breadboard.Infra.PostgreSQL", "src\Infrastructure\Breadboard.Infra.PostgreSQL\Breadboard.Infra.PostgreSQL.csproj", "{06F73863-3055-4556-9417-EA009A1085EE}"
EndProject
Project("{FAE04EC0-301F-11D3-BF4B-00C04F79EFBC}") = "Breadboard.Infra.PostgreSQLDapper", "src\Infrastructure\Breadboard.Infra.PostgreSQLDapper\Breadboard.Infra.PostgreSQLDapper.csproj", "{0299E0B3-9BAE-43E7-835E-665EAF826D15}"
EndProject
Project("{FAE04EC0-301F-11D3-BF4B-00C04F79EFBC}") = "Breadboard.Shared", "src\Domain\Breadboard.Shared\Breadboard.Shared.csproj", "{4A31CB44-6ABA-4A93-B786-AEB6F67493B4}"
EndProject
Project("{FAE04EC0-301F-11D3-BF4B-00C04F79EFBC}") = "Breadboard.Infra.Jwt", "src\Infrastructure\Breadboard.Infra.Jwt\Breadboard.Infra.Jwt.csproj", "{9EF97A6B-6107-43BB-A548-8ED467433E1B}"
	ProjectSection(ProjectDependencies) = postProject
		{EAE6FFAD-B8F5-4AFA-8A48-4CD5E2801D05} = {EAE6FFAD-B8F5-4AFA-8A48-4CD5E2801D05}
	EndProjectSection
EndProject
Project("{2150E333-8FDC-42A3-9474-1A3956D46DE8}") = "tests", "tests", "{8D9ABA0D-C771-4EB6-B8E1-5C9B1BD6BF4C}"
EndProject
Project("{FAE04EC0-301F-11D3-BF4B-00C04F79EFBC}") = "Breadboard-API.Domain.UnitTest", "Breadboard-API.Domain.UnitTest\Breadboard-API.Domain.UnitTest.csproj", "{960F8405-367B-4A0A-A8E8-C3D3914A713C}"
EndProject
Project("{2150E333-8FDC-42A3-9474-1A3956D46DE8}") = "Application", "Application", "{F73B7B19-031E-4032-A0B9-737E88A3F4AC}"
EndProject
Project("{FAE04EC0-301F-11D3-BF4B-00C04F79EFBC}") = "Breadboard.Application.Shared", "src\Application\Breadboard.Application.Shared\Breadboard.Application.Shared.csproj", "{785B39F7-7211-439E-8228-E42543CE77D1}"
EndProject
Project("{FAE04EC0-301F-11D3-BF4B-00C04F79EFBC}") = "Breadboard.Presentation", "src\Presentation\Breadboard.Presentation\Breadboard.Presentation.csproj", "{472A4C87-CE24-BA55-265A-FCE1DB52807C}"
EndProject
Global
	GlobalSection(SolutionConfigurationPlatforms) = preSolution
		Debug|Any CPU = Debug|Any CPU
		Debug|x64 = Debug|x64
		Debug|x86 = Debug|x86
		Release|Any CPU = Release|Any CPU
		Release|x64 = Release|x64
		Release|x86 = Release|x86
	EndGlobalSection
	GlobalSection(ProjectConfigurationPlatforms) = postSolution
		{EAE6FFAD-B8F5-4AFA-8A48-4CD5E2801D05}.Debug|Any CPU.ActiveCfg = Debug|Any CPU
		{EAE6FFAD-B8F5-4AFA-8A48-4CD5E2801D05}.Debug|Any CPU.Build.0 = Debug|Any CPU
		{EAE6FFAD-B8F5-4AFA-8A48-4CD5E2801D05}.Debug|x64.ActiveCfg = Debug|Any CPU
		{EAE6FFAD-B8F5-4AFA-8A48-4CD5E2801D05}.Debug|x64.Build.0 = Debug|Any CPU
		{EAE6FFAD-B8F5-4AFA-8A48-4CD5E2801D05}.Debug|x86.ActiveCfg = Debug|Any CPU
		{EAE6FFAD-B8F5-4AFA-8A48-4CD5E2801D05}.Debug|x86.Build.0 = Debug|Any CPU
		{EAE6FFAD-B8F5-4AFA-8A48-4CD5E2801D05}.Release|Any CPU.ActiveCfg = Release|Any CPU
		{EAE6FFAD-B8F5-4AFA-8A48-4CD5E2801D05}.Release|Any CPU.Build.0 = Release|Any CPU
		{EAE6FFAD-B8F5-4AFA-8A48-4CD5E2801D05}.Release|x64.ActiveCfg = Release|Any CPU
		{EAE6FFAD-B8F5-4AFA-8A48-4CD5E2801D05}.Release|x64.Build.0 = Release|Any CPU
		{EAE6FFAD-B8F5-4AFA-8A48-4CD5E2801D05}.Release|x86.ActiveCfg = Release|Any CPU
		{EAE6FFAD-B8F5-4AFA-8A48-4CD5E2801D05}.Release|x86.Build.0 = Release|Any CPU
		{06F73863-3055-4556-9417-EA009A1085EE}.Debug|Any CPU.ActiveCfg = Debug|Any CPU
		{06F73863-3055-4556-9417-EA009A1085EE}.Debug|Any CPU.Build.0 = Debug|Any CPU
		{06F73863-3055-4556-9417-EA009A1085EE}.Debug|x64.ActiveCfg = Debug|Any CPU
		{06F73863-3055-4556-9417-EA009A1085EE}.Debug|x64.Build.0 = Debug|Any CPU
		{06F73863-3055-4556-9417-EA009A1085EE}.Debug|x86.ActiveCfg = Debug|Any CPU
		{06F73863-3055-4556-9417-EA009A1085EE}.Debug|x86.Build.0 = Debug|Any CPU
		{06F73863-3055-4556-9417-EA009A1085EE}.Release|Any CPU.ActiveCfg = Release|Any CPU
		{06F73863-3055-4556-9417-EA009A1085EE}.Release|Any CPU.Build.0 = Release|Any CPU
		{06F73863-3055-4556-9417-EA009A1085EE}.Release|x64.ActiveCfg = Release|Any CPU
		{06F73863-3055-4556-9417-EA009A1085EE}.Release|x64.Build.0 = Release|Any CPU
		{06F73863-3055-4556-9417-EA009A1085EE}.Release|x86.ActiveCfg = Release|Any CPU
		{06F73863-3055-4556-9417-EA009A1085EE}.Release|x86.Build.0 = Release|Any CPU
		{0299E0B3-9BAE-43E7-835E-665EAF826D15}.Debug|Any CPU.ActiveCfg = Debug|Any CPU
		{0299E0B3-9BAE-43E7-835E-665EAF826D15}.Debug|Any CPU.Build.0 = Debug|Any CPU
		{0299E0B3-9BAE-43E7-835E-665EAF826D15}.Debug|x64.ActiveCfg = Debug|Any CPU
		{0299E0B3-9BAE-43E7-835E-665EAF826D15}.Debug|x64.Build.0 = Debug|Any CPU
		{0299E0B3-9BAE-43E7-835E-665EAF826D15}.Debug|x86.ActiveCfg = Debug|Any CPU
		{0299E0B3-9BAE-43E7-835E-665EAF826D15}.Debug|x86.Build.0 = Debug|Any CPU
		{0299E0B3-9BAE-43E7-835E-665EAF826D15}.Release|Any CPU.ActiveCfg = Release|Any CPU
		{0299E0B3-9BAE-43E7-835E-665EAF826D15}.Release|Any CPU.Build.0 = Release|Any CPU
		{0299E0B3-9BAE-43E7-835E-665EAF826D15}.Release|x64.ActiveCfg = Release|Any CPU
		{0299E0B3-9BAE-43E7-835E-665EAF826D15}.Release|x64.Build.0 = Release|Any CPU
		{0299E0B3-9BAE-43E7-835E-665EAF826D15}.Release|x86.ActiveCfg = Release|Any CPU
		{0299E0B3-9BAE-43E7-835E-665EAF826D15}.Release|x86.Build.0 = Release|Any CPU
		{4A31CB44-6ABA-4A93-B786-AEB6F67493B4}.Debug|Any CPU.ActiveCfg = Debug|Any CPU
		{4A31CB44-6ABA-4A93-B786-AEB6F67493B4}.Debug|Any CPU.Build.0 = Debug|Any CPU
		{4A31CB44-6ABA-4A93-B786-AEB6F67493B4}.Debug|x64.ActiveCfg = Debug|Any CPU
		{4A31CB44-6ABA-4A93-B786-AEB6F67493B4}.Debug|x64.Build.0 = Debug|Any CPU
		{4A31CB44-6ABA-4A93-B786-AEB6F67493B4}.Debug|x86.ActiveCfg = Debug|Any CPU
		{4A31CB44-6ABA-4A93-B786-AEB6F67493B4}.Debug|x86.Build.0 = Debug|Any CPU
		{4A31CB44-6ABA-4A93-B786-AEB6F67493B4}.Release|Any CPU.ActiveCfg = Release|Any CPU
		{4A31CB44-6ABA-4A93-B786-AEB6F67493B4}.Release|Any CPU.Build.0 = Release|Any CPU
		{4A31CB44-6ABA-4A93-B786-AEB6F67493B4}.Release|x64.ActiveCfg = Release|Any CPU
		{4A31CB44-6ABA-4A93-B786-AEB6F67493B4}.Release|x64.Build.0 = Release|Any CPU
		{4A31CB44-6ABA-4A93-B786-AEB6F67493B4}.Release|x86.ActiveCfg = Release|Any CPU
		{4A31CB44-6ABA-4A93-B786-AEB6F67493B4}.Release|x86.Build.0 = Release|Any CPU
		{9EF97A6B-6107-43BB-A548-8ED467433E1B}.Debug|Any CPU.ActiveCfg = Debug|Any CPU
		{9EF97A6B-6107-43BB-A548-8ED467433E1B}.Debug|Any CPU.Build.0 = Debug|Any CPU
		{9EF97A6B-6107-43BB-A548-8ED467433E1B}.Debug|x64.ActiveCfg = Debug|Any CPU
		{9EF97A6B-6107-43BB-A548-8ED467433E1B}.Debug|x64.Build.0 = Debug|Any CPU
		{9EF97A6B-6107-43BB-A548-8ED467433E1B}.Debug|x86.ActiveCfg = Debug|Any CPU
		{9EF97A6B-6107-43BB-A548-8ED467433E1B}.Debug|x86.Build.0 = Debug|Any CPU
		{9EF97A6B-6107-43BB-A548-8ED467433E1B}.Release|Any CPU.ActiveCfg = Release|Any CPU
		{9EF97A6B-6107-43BB-A548-8ED467433E1B}.Release|Any CPU.Build.0 = Release|Any CPU
		{9EF97A6B-6107-43BB-A548-8ED467433E1B}.Release|x64.ActiveCfg = Release|Any CPU
		{9EF97A6B-6107-43BB-A548-8ED467433E1B}.Release|x64.Build.0 = Release|Any CPU
		{9EF97A6B-6107-43BB-A548-8ED467433E1B}.Release|x86.ActiveCfg = Release|Any CPU
		{9EF97A6B-6107-43BB-A548-8ED467433E1B}.Release|x86.Build.0 = Release|Any CPU
		{960F8405-367B-4A0A-A8E8-C3D3914A713C}.Debug|Any CPU.ActiveCfg = Debug|Any CPU
		{960F8405-367B-4A0A-A8E8-C3D3914A713C}.Debug|Any CPU.Build.0 = Debug|Any CPU
		{960F8405-367B-4A0A-A8E8-C3D3914A713C}.Debug|x64.ActiveCfg = Debug|Any CPU
		{960F8405-367B-4A0A-A8E8-C3D3914A713C}.Debug|x64.Build.0 = Debug|Any CPU
		{960F8405-367B-4A0A-A8E8-C3D3914A713C}.Debug|x86.ActiveCfg = Debug|Any CPU
		{960F8405-367B-4A0A-A8E8-C3D3914A713C}.Debug|x86.Build.0 = Debug|Any CPU
		{960F8405-367B-4A0A-A8E8-C3D3914A713C}.Release|Any CPU.ActiveCfg = Release|Any CPU
		{960F8405-367B-4A0A-A8E8-C3D3914A713C}.Release|Any CPU.Build.0 = Release|Any CPU
		{960F8405-367B-4A0A-A8E8-C3D3914A713C}.Release|x64.ActiveCfg = Release|Any CPU
		{960F8405-367B-4A0A-A8E8-C3D3914A713C}.Release|x64.Build.0 = Release|Any CPU
		{960F8405-367B-4A0A-A8E8-C3D3914A713C}.Release|x86.ActiveCfg = Release|Any CPU
		{960F8405-367B-4A0A-A8E8-C3D3914A713C}.Release|x86.Build.0 = Release|Any CPU
		{785B39F7-7211-439E-8228-E42543CE77D1}.Debug|Any CPU.ActiveCfg = Debug|Any CPU
		{785B39F7-7211-439E-8228-E42543CE77D1}.Debug|Any CPU.Build.0 = Debug|Any CPU
		{785B39F7-7211-439E-8228-E42543CE77D1}.Debug|x64.ActiveCfg = Debug|Any CPU
		{785B39F7-7211-439E-8228-E42543CE77D1}.Debug|x64.Build.0 = Debug|Any CPU
		{785B39F7-7211-439E-8228-E42543CE77D1}.Debug|x86.ActiveCfg = Debug|Any CPU
		{785B39F7-7211-439E-8228-E42543CE77D1}.Debug|x86.Build.0 = Debug|Any CPU
		{785B39F7-7211-439E-8228-E42543CE77D1}.Release|Any CPU.ActiveCfg = Release|Any CPU
		{785B39F7-7211-439E-8228-E42543CE77D1}.Release|Any CPU.Build.0 = Release|Any CPU
		{785B39F7-7211-439E-8228-E42543CE77D1}.Release|x64.ActiveCfg = Release|Any CPU
		{785B39F7-7211-439E-8228-E42543CE77D1}.Release|x64.Build.0 = Release|Any CPU
		{785B39F7-7211-439E-8228-E42543CE77D1}.Release|x86.ActiveCfg = Release|Any CPU
		{785B39F7-7211-439E-8228-E42543CE77D1}.Release|x86.Build.0 = Release|Any CPU
		{472A4C87-CE24-BA55-265A-FCE1DB52807C}.Debug|Any CPU.ActiveCfg = Debug|Any CPU
		{472A4C87-CE24-BA55-265A-FCE1DB52807C}.Debug|Any CPU.Build.0 = Debug|Any CPU
		{472A4C87-CE24-BA55-265A-FCE1DB52807C}.Debug|x64.ActiveCfg = Debug|Any CPU
		{472A4C87-CE24-BA55-265A-FCE1DB52807C}.Debug|x64.Build.0 = Debug|Any CPU
		{472A4C87-CE24-BA55-265A-FCE1DB52807C}.Debug|x86.ActiveCfg = Debug|Any CPU
		{472A4C87-CE24-BA55-265A-FCE1DB52807C}.Debug|x86.Build.0 = Debug|Any CPU
		{472A4C87-CE24-BA55-265A-FCE1DB52807C}.Release|Any CPU.ActiveCfg = Release|Any CPU
		{472A4C87-CE24-BA55-265A-FCE1DB52807C}.Release|Any CPU.Build.0 = Release|Any CPU
		{472A4C87-CE24-BA55-265A-FCE1DB52807C}.Release|x64.ActiveCfg = Release|Any CPU
		{472A4C87-CE24-BA55-265A-FCE1DB52807C}.Release|x64.Build.0 = Release|Any CPU
		{472A4C87-CE24-BA55-265A-FCE1DB52807C}.Release|x86.ActiveCfg = Release|Any CPU
		{472A4C87-CE24-BA55-265A-FCE1DB52807C}.Release|x86.Build.0 = Release|Any CPU
	EndGlobalSection
	GlobalSection(SolutionProperties) = preSolution
		HideSolutionNode = FALSE
	EndGlobalSection
	GlobalSection(NestedProjects) = preSolution
		{22BAF98C-8415-17C4-B26A-D537657BC863} = {827E0CD3-B72D-47B6-A68D-7590B98EB39B}
		{8B290487-4C16-E85E-E807-F579CBE9FC4D} = {827E0CD3-B72D-47B6-A68D-7590B98EB39B}
		{EAE6FFAD-B8F5-4AFA-8A48-4CD5E2801D05} = {8B290487-4C16-E85E-E807-F579CBE9FC4D}
		{9048EB7F-3875-A59E-E36B-5BD4C6F2A282} = {827E0CD3-B72D-47B6-A68D-7590B98EB39B}
		{06F73863-3055-4556-9417-EA009A1085EE} = {9048EB7F-3875-A59E-E36B-5BD4C6F2A282}
		{0299E0B3-9BAE-43E7-835E-665EAF826D15} = {9048EB7F-3875-A59E-E36B-5BD4C6F2A282}
		{4A31CB44-6ABA-4A93-B786-AEB6F67493B4} = {8B290487-4C16-E85E-E807-F579CBE9FC4D}
		{9EF97A6B-6107-43BB-A548-8ED467433E1B} = {9048EB7F-3875-A59E-E36B-5BD4C6F2A282}
		{960F8405-367B-4A0A-A8E8-C3D3914A713C} = {8D9ABA0D-C771-4EB6-B8E1-5C9B1BD6BF4C}
		{F73B7B19-031E-4032-A0B9-737E88A3F4AC} = {827E0CD3-B72D-47B6-A68D-7590B98EB39B}
		{785B39F7-7211-439E-8228-E42543CE77D1} = {F73B7B19-031E-4032-A0B9-737E88A3F4AC}
		{472A4C87-CE24-BA55-265A-FCE1DB52807C} = {22BAF98C-8415-17C4-B26A-D537657BC863}
	EndGlobalSection
	GlobalSection(ExtensibilityGlobals) = postSolution
		SolutionGuid = {71CAA84E-AC05-46DA-9E14-61693BD3C351}
	EndGlobalSection
EndGlobal
