
Microsoft Visual Studio Solution File, Format Version 12.00
# Visual Studio Version 18
VisualStudioVersion = 18.6.11723.189
MinimumVisualStudioVersion = 10.0.40219.1
Project("{2150E333-8FDC-42A3-9474-1A3956D46DE8}") = "src", "src", "{827E0CD3-B72D-47B6-A68D-7590B98EB39B}"
EndProject
Project("{2150E333-8FDC-42A3-9474-1A3956D46DE8}") = "BuildingBlocks", "BuildingBlocks", "{9048EB7F-3875-A59E-E36B-5BD4C6F2A282}"
EndProject
Project("{2150E333-8FDC-42A3-9474-1A3956D46DE8}") = "Finances", "Finances", "{7105505F-3554-4DD1-A578-B7679768E888}"
EndProject
Project("{2150E333-8FDC-42A3-9474-1A3956D46DE8}") = "Orders", "Orders", "{5263BAAE-EE9F-4DFE-9B19-A194014A1F51}"
EndProject
Project("{2150E333-8FDC-42A3-9474-1A3956D46DE8}") = "Products", "Products", "{51D88490-8A66-408E-8FD9-725733C12C46}"
EndProject
Project("{2150E333-8FDC-42A3-9474-1A3956D46DE8}") = "Users", "Users", "{75C7F3F4-1483-4CEC-9660-8F5D252FB393}"
EndProject
Project("{2150E333-8FDC-42A3-9474-1A3956D46DE8}") = "Host", "Host", "{B027EC8B-43C3-49CD-9232-A6A4817E4973}"
EndProject
Project("{2150E333-8FDC-42A3-9474-1A3956D46DE8}") = "Modules", "Modules", "{8D6C077D-F5C9-43AC-B00A-C029941B5136}"
EndProject
Project("{2150E333-8FDC-42A3-9474-1A3956D46DE8}") = "SharedKernel", "SharedKernel", "{35570C6D-C4FD-4B12-80F7-15DB528FDDCC}"
EndProject
Project("{FAE04EC0-301F-11D3-BF4B-00C04F79EFBC}") = "BuildingBlocks.PostgreSQL", "src\BuildingBlocks\BuildingBlocks.PostgreSQL\BuildingBlocks.PostgreSQL.csproj", "{D51FC69C-16C0-6174-C26B-EF72D8C7C718}"
EndProject
Project("{FAE04EC0-301F-11D3-BF4B-00C04F79EFBC}") = "BuildingBlocks.PostgreSQLDapper", "src\BuildingBlocks\BuildingBlocks.PostgreSQLDapper\BuildingBlocks.PostgreSQLDapper.csproj", "{10CCD9A8-D412-B319-F76F-AC73A8072F5A}"
EndProject
Project("{FAE04EC0-301F-11D3-BF4B-00C04F79EFBC}") = "Breadboard.Presentation.Api", "src\Host\Breadboard.Presentation.Api\Breadboard.Presentation.Api.csproj", "{0FC4053D-D4A3-FE33-8531-9F46119A6B18}"
EndProject
Project("{FAE04EC0-301F-11D3-BF4B-00C04F79EFBC}") = "Finances.Application", "src\Modules\Finances\Finances.Application\Finances.Application.csproj", "{5031F013-11A7-CAF9-BC82-C8D43CE2A627}"
EndProject
Project("{FAE04EC0-301F-11D3-BF4B-00C04F79EFBC}") = "Finances.Domain", "src\Modules\Finances\Finances.Domain\Finances.Domain.csproj", "{9CE3393F-C365-6E45-4425-56146025941A}"
EndProject
Project("{FAE04EC0-301F-11D3-BF4B-00C04F79EFBC}") = "Finances.Infraestructure", "src\Modules\Finances\Finances.Infraestructure\Finances.Infraestructure.csproj", "{1255C46F-595F-7DA5-04AB-7EFD7866E68B}"
EndProject
Project("{FAE04EC0-301F-11D3-BF4B-00C04F79EFBC}") = "Finances.Presentation", "src\Modules\Finances\Finances.Presentation\Finances.Presentation.csproj", "{BA8D07AA-12E2-04A2-D93D-F90372B3576F}"
EndProject
Project("{FAE04EC0-301F-11D3-BF4B-00C04F79EFBC}") = "Orders.Application", "src\Modules\Orders\Orders.Application\Orders.Application.csproj", "{8F694C40-E4B2-09E3-AC9C-7CE42C5E5DD9}"
EndProject
Project("{FAE04EC0-301F-11D3-BF4B-00C04F79EFBC}") = "Orders.Domain", "src\Modules\Orders\Orders.Domain\Orders.Domain.csproj", "{360CC4D6-5B1E-3761-4422-FDD95A3C2FC2}"
EndProject
Project("{FAE04EC0-301F-11D3-BF4B-00C04F79EFBC}") = "Orders.Infraestructure", "src\Modules\Orders\Orders.Infraestructure\Orders.Infraestructure.csproj", "{7ADC7E93-4B51-0160-51E8-C130D9CDCC7F}"
EndProject
Project("{FAE04EC0-301F-11D3-BF4B-00C04F79EFBC}") = "Orders.Presentation", "src\Modules\Orders\Orders.Presentation\Orders.Presentation.csproj", "{12E97002-79FF-5BB5-F97D-D991047D0216}"
EndProject
Project("{FAE04EC0-301F-11D3-BF4B-00C04F79EFBC}") = "Products.Application", "src\Modules\Products\Products.Application\Products.Application.csproj", "{33B88C86-F34E-36D6-5A53-06ECEB9E769C}"
EndProject
Project("{FAE04EC0-301F-11D3-BF4B-00C04F79EFBC}") = "Products.Domain", "src\Modules\Products\Products.Domain\Products.Domain.csproj", "{95B60AF6-C249-79F2-29E5-514B74CE17F6}"
EndProject
Project("{FAE04EC0-301F-11D3-BF4B-00C04F79EFBC}") = "Products.Infrastructure", "src\Modules\Products\Products.Infrastructure\Products.Infrastructure.csproj", "{43EA15E1-BCF5-C3AB-923C-D51092EC6203}"
EndProject
Project("{FAE04EC0-301F-11D3-BF4B-00C04F79EFBC}") = "Products.Presentation", "src\Modules\Products\Products.Presentation\Products.Presentation.csproj", "{C925730F-10F7-71D8-9FEF-74B03FAC29B3}"
EndProject
Project("{FAE04EC0-301F-11D3-BF4B-00C04F79EFBC}") = "Users.Application", "src\Modules\Users\Users.Application\Users.Application.csproj", "{371ACF9B-9286-F25E-14ED-7EEBA3B09C79}"
EndProject
Project("{FAE04EC0-301F-11D3-BF4B-00C04F79EFBC}") = "Users.Domain", "src\Modules\Users\Users.Domain\Users.Domain.csproj", "{264CEB1C-93C4-8B5A-1AEE-88E941E263F1}"
EndProject
Project("{FAE04EC0-301F-11D3-BF4B-00C04F79EFBC}") = "Users.Infrastructure", "src\Modules\Users\Users.Infrastructure\Users.Infrastructure.csproj", "{722D4FFC-0923-9951-9D8F-3F50D95E7EDC}"
EndProject
Project("{FAE04EC0-301F-11D3-BF4B-00C04F79EFBC}") = "Users.Presentation", "src\Modules\Users\Users.Presentation\Users.Presentation.csproj", "{78625390-0377-E99C-ECBC-50F289A4E2DE}"
EndProject
Project("{FAE04EC0-301F-11D3-BF4B-00C04F79EFBC}") = "SharedKernel.Application", "src\SharedKernel\SharedKernel.Applicattion\SharedKernel.Application.csproj", "{6BA5E416-C76C-79C0-97B9-3E49101DDD8F}"
EndProject
Project("{FAE04EC0-301F-11D3-BF4B-00C04F79EFBC}") = "SharedKernel.Domain", "src\SharedKernel\SharedKernel.Domain\SharedKernel.Domain.csproj", "{40394CD7-A073-7F1A-DE6B-835FBF399FC7}"
EndProject
Project("{FAE04EC0-301F-11D3-BF4B-00C04F79EFBC}") = "SharedKernel.Presentation", "src\SharedKernel\SharedKernel.Presentation\SharedKernel.Presentation.csproj", "{43412DE9-F09A-A315-9BF5-5B5C8C993E68}"
EndProject
Project("{FAE04EC0-301F-11D3-BF4B-00C04F79EFBC}") = "BuildingBlocks.Jwt", "src\BuildingBlocks\BuildingBlocks.Jwt\BuildingBlocks.Jwt.csproj", "{A0423EFC-D770-4559-B0C5-5C31CE25F3D8}"
EndProject
Project("{2150E333-8FDC-42A3-9474-1A3956D46DE8}") = "tests", "tests", "{1C3B8209-1024-4127-B252-AC20AC0ED6D2}"
EndProject
Project("{FAE04EC0-301F-11D3-BF4B-00C04F79EFBC}") = "Breadboard.IntegrationTests", "Breadboard.IntegrationTests\Breadboard.IntegrationTests.csproj", "{D90140FE-944A-493B-89F6-FF431A73FAA1}"
EndProject
Project("{FAE04EC0-301F-11D3-BF4B-00C04F79EFBC}") = "BuildingBlocks.Tests", "src\BuildingBlocks\BuildingBlocks.Tests\BuildingBlocks.Tests.csproj", "{3EE010C2-CB78-4C8B-861A-4CC87F74FB2C}"
EndProject
Global
	GlobalSection(SolutionConfigurationPlatforms) = preSolution
		Debug|Any CPU = Debug|Any CPU
		Debug|x64 = Debug|x64
		Debug|x86 = Debug|x86
		Release|Any CPU = Release|Any CPU
		Release|x64 = Release|x64
		Release|x86 = Release|x86
	EndGlobalSection
	GlobalSection(ProjectConfigurationPlatforms) = postSolution
		{D51FC69C-16C0-6174-C26B-EF72D8C7C718}.Debug|Any CPU.ActiveCfg = Debug|Any CPU
		{D51FC69C-16C0-6174-C26B-EF72D8C7C718}.Debug|Any CPU.Build.0 = Debug|Any CPU
		{D51FC69C-16C0-6174-C26B-EF72D8C7C718}.Debug|x64.ActiveCfg = Debug|Any CPU
		{D51FC69C-16C0-6174-C26B-EF72D8C7C718}.Debug|x64.Build.0 = Debug|Any CPU
		{D51FC69C-16C0-6174-C26B-EF72D8C7C718}.Debug|x86.ActiveCfg = Debug|Any CPU
		{D51FC69C-16C0-6174-C26B-EF72D8C7C718}.Debug|x86.Build.0 = Debug|Any CPU
		{D51FC69C-16C0-6174-C26B-EF72D8C7C718}.Release|Any CPU.ActiveCfg = Release|Any CPU
		{D51FC69C-16C0-6174-C26B-EF72D8C7C718}.Release|Any CPU.Build.0 = Release|Any CPU
		{D51FC69C-16C0-6174-C26B-EF72D8C7C718}.Release|x64.ActiveCfg = Release|Any CPU
		{D51FC69C-16C0-6174-C26B-EF72D8C7C718}.Release|x64.Build.0 = Release|Any CPU
		{D51FC69C-16C0-6174-C26B-EF72D8C7C718}.Release|x86.ActiveCfg = Release|Any CPU
		{D51FC69C-16C0-6174-C26B-EF72D8C7C718}.Release|x86.Build.0 = Release|Any CPU
		{10CCD9A8-D412-B319-F76F-AC73A8072F5A}.Debug|Any CPU.ActiveCfg = Debug|Any CPU
		{10CCD9A8-D412-B319-F76F-AC73A8072F5A}.Debug|Any CPU.Build.0 = Debug|Any CPU
		{10CCD9A8-D412-B319-F76F-AC73A8072F5A}.Debug|x64.ActiveCfg = Debug|Any CPU
		{10CCD9A8-D412-B319-F76F-AC73A8072F5A}.Debug|x64.Build.0 = Debug|Any CPU
		{10CCD9A8-D412-B319-F76F-AC73A8072F5A}.Debug|x86.ActiveCfg = Debug|Any CPU
		{10CCD9A8-D412-B319-F76F-AC73A8072F5A}.Debug|x86.Build.0 = Debug|Any CPU
		{10CCD9A8-D412-B319-F76F-AC73A8072F5A}.Release|Any CPU.ActiveCfg = Release|Any CPU
		{10CCD9A8-D412-B319-F76F-AC73A8072F5A}.Release|Any CPU.Build.0 = Release|Any CPU
		{10CCD9A8-D412-B319-F76F-AC73A8072F5A}.Release|x64.ActiveCfg = Release|Any CPU
		{10CCD9A8-D412-B319-F76F-AC73A8072F5A}.Release|x64.Build.0 = Release|Any CPU
		{10CCD9A8-D412-B319-F76F-AC73A8072F5A}.Release|x86.ActiveCfg = Release|Any CPU
		{10CCD9A8-D412-B319-F76F-AC73A8072F5A}.Release|x86.Build.0 = Release|Any CPU
		{0FC4053D-D4A3-FE33-8531-9F46119A6B18}.Debug|Any CPU.ActiveCfg = Debug|Any CPU
		{0FC4053D-D4A3-FE33-8531-9F46119A6B18}.Debug|Any CPU.Build.0 = Debug|Any CPU
		{0FC4053D-D4A3-FE33-8531-9F46119A6B18}.Debug|x64.ActiveCfg = Debug|Any CPU
		{0FC4053D-D4A3-FE33-8531-9F46119A6B18}.Debug|x64.Build.0 = Debug|Any CPU
		{0FC4053D-D4A3-FE33-8531-9F46119A6B18}.Debug|x86.ActiveCfg = Debug|Any CPU
		{0FC4053D-D4A3-FE33-8531-9F46119A6B18}.Debug|x86.Build.0 = Debug|Any CPU
		{0FC4053D-D4A3-FE33-8531-9F46119A6B18}.Release|Any CPU.ActiveCfg = Release|Any CPU
		{0FC4053D-D4A3-FE33-8531-9F46119A6B18}.Release|Any CPU.Build.0 = Release|Any CPU
		{0FC4053D-D4A3-FE33-8531-9F46119A6B18}.Release|x64.ActiveCfg = Release|Any CPU
		{0FC4053D-D4A3-FE33-8531-9F46119A6B18}.Release|x64.Build.0 = Release|Any CPU
		{0FC4053D-D4A3-FE33-8531-9F46119A6B18}.Release|x86.ActiveCfg = Release|Any CPU
		{0FC4053D-D4A3-FE33-8531-9F46119A6B18}.Release|x86.Build.0 = Release|Any CPU
		{5031F013-11A7-CAF9-BC82-C8D43CE2A627}.Debug|Any CPU.ActiveCfg = Debug|Any CPU
		{5031F013-11A7-CAF9-BC82-C8D43CE2A627}.Debug|Any CPU.Build.0 = Debug|Any CPU
		{5031F013-11A7-CAF9-BC82-C8D43CE2A627}.Debug|x64.ActiveCfg = Debug|Any CPU
		{5031F013-11A7-CAF9-BC82-C8D43CE2A627}.Debug|x64.Build.0 = Debug|Any CPU
		{5031F013-11A7-CAF9-BC82-C8D43CE2A627}.Debug|x86.ActiveCfg = Debug|Any CPU
		{5031F013-11A7-CAF9-BC82-C8D43CE2A627}.Debug|x86.Build.0 = Debug|Any CPU
		{5031F013-11A7-CAF9-BC82-C8D43CE2A627}.Release|Any CPU.ActiveCfg = Release|Any CPU
		{5031F013-11A7-CAF9-BC82-C8D43CE2A627}.Release|Any CPU.Build.0 = Release|Any CPU
		{5031F013-11A7-CAF9-BC82-C8D43CE2A627}.Release|x64.ActiveCfg = Release|Any CPU
		{5031F013-11A7-CAF9-BC82-C8D43CE2A627}.Release|x64.Build.0 = Release|Any CPU
		{5031F013-11A7-CAF9-BC82-C8D43CE2A627}.Release|x86.ActiveCfg = Release|Any CPU
		{5031F013-11A7-CAF9-BC82-C8D43CE2A627}.Release|x86.Build.0 = Release|Any CPU
		{9CE3393F-C365-6E45-4425-56146025941A}.Debug|Any CPU.ActiveCfg = Debug|Any CPU
		{9CE3393F-C365-6E45-4425-56146025941A}.Debug|Any CPU.Build.0 = Debug|Any CPU
		{9CE3393F-C365-6E45-4425-56146025941A}.Debug|x64.ActiveCfg = Debug|Any CPU
		{9CE3393F-C365-6E45-4425-56146025941A}.Debug|x64.Build.0 = Debug|Any CPU
		{9CE3393F-C365-6E45-4425-56146025941A}.Debug|x86.ActiveCfg = Debug|Any CPU
		{9CE3393F-C365-6E45-4425-56146025941A}.Debug|x86.Build.0 = Debug|Any CPU
		{9CE3393F-C365-6E45-4425-56146025941A}.Release|Any CPU.ActiveCfg = Release|Any CPU
		{9CE3393F-C365-6E45-4425-56146025941A}.Release|Any CPU.Build.0 = Release|Any CPU
		{9CE3393F-C365-6E45-4425-56146025941A}.Release|x64.ActiveCfg = Release|Any CPU
		{9CE3393F-C365-6E45-4425-56146025941A}.Release|x64.Build.0 = Release|Any CPU
		{9CE3393F-C365-6E45-4425-56146025941A}.Release|x86.ActiveCfg = Release|Any CPU
		{9CE3393F-C365-6E45-4425-56146025941A}.Release|x86.Build.0 = Release|Any CPU
		{1255C46F-595F-7DA5-04AB-7EFD7866E68B}.Debug|Any CPU.ActiveCfg = Debug|Any CPU
		{1255C46F-595F-7DA5-04AB-7EFD7866E68B}.Debug|Any CPU.Build.0 = Debug|Any CPU
		{1255C46F-595F-7DA5-04AB-7EFD7866E68B}.Debug|x64.ActiveCfg = Debug|Any CPU
		{1255C46F-595F-7DA5-04AB-7EFD7866E68B}.Debug|x64.Build.0 = Debug|Any CPU
		{1255C46F-595F-7DA5-04AB-7EFD7866E68B}.Debug|x86.ActiveCfg = Debug|Any CPU
		{1255C46F-595F-7DA5-04AB-7EFD7866E68B}.Debug|x86.Build.0 = Debug|Any CPU
		{1255C46F-595F-7DA5-04AB-7EFD7866E68B}.Release|Any CPU.ActiveCfg = Release|Any CPU
		{1255C46F-595F-7DA5-04AB-7EFD7866E68B}.Release|Any CPU.Build.0 = Release|Any CPU
		{1255C46F-595F-7DA5-04AB-7EFD7866E68B}.Release|x64.ActiveCfg = Release|Any CPU
		{1255C46F-595F-7DA5-04AB-7EFD7866E68B}.Release|x64.Build.0 = Release|Any CPU
		{1255C46F-595F-7DA5-04AB-7EFD7866E68B}.Release|x86.ActiveCfg = Release|Any CPU
		{1255C46F-595F-7DA5-04AB-7EFD7866E68B}.Release|x86.Build.0 = Release|Any CPU
		{BA8D07AA-12E2-04A2-D93D-F90372B3576F}.Debug|Any CPU.ActiveCfg = Debug|Any CPU
		{BA8D07AA-12E2-04A2-D93D-F90372B3576F}.Debug|Any CPU.Build.0 = Debug|Any CPU
		{BA8D07AA-12E2-04A2-D93D-F90372B3576F}.Debug|x64.ActiveCfg = Debug|Any CPU
		{BA8D07AA-12E2-04A2-D93D-F90372B3576F}.Debug|x64.Build.0 = Debug|Any CPU
		{BA8D07AA-12E2-04A2-D93D-F90372B3576F}.Debug|x86.ActiveCfg = Debug|Any CPU
		{BA8D07AA-12E2-04A2-D93D-F90372B3576F}.Debug|x86.Build.0 = Debug|Any CPU
		{BA8D07AA-12E2-04A2-D93D-F90372B3576F}.Release|Any CPU.ActiveCfg = Release|Any CPU
		{BA8D07AA-12E2-04A2-D93D-F90372B3576F}.Release|Any CPU.Build.0 = Release|Any CPU
		{BA8D07AA-12E2-04A2-D93D-F90372B3576F}.Release|x64.ActiveCfg = Release|Any CPU
		{BA8D07AA-12E2-04A2-D93D-F90372B3576F}.Release|x64.Build.0 = Release|Any CPU
		{BA8D07AA-12E2-04A2-D93D-F90372B3576F}.Release|x86.ActiveCfg = Release|Any CPU
		{BA8D07AA-12E2-04A2-D93D-F90372B3576F}.Release|x86.Build.0 = Release|Any CPU
		{8F694C40-E4B2-09E3-AC9C-7CE42C5E5DD9}.Debug|Any CPU.ActiveCfg = Debug|Any CPU
		{8F694C40-E4B2-09E3-AC9C-7CE42C5E5DD9}.Debug|Any CPU.Build.0 = Debug|Any CPU
		{8F694C40-E4B2-09E3-AC9C-7CE42C5E5DD9}.Debug|x64.ActiveCfg = Debug|Any CPU
		{8F694C40-E4B2-09E3-AC9C-7CE42C5E5DD9}.Debug|x64.Build.0 = Debug|Any CPU
		{8F694C40-E4B2-09E3-AC9C-7CE42C5E5DD9}.Debug|x86.ActiveCfg = Debug|Any CPU
		{8F694C40-E4B2-09E3-AC9C-7CE42C5E5DD9}.Debug|x86.Build.0 = Debug|Any CPU
		{8F694C40-E4B2-09E3-AC9C-7CE42C5E5DD9}.Release|Any CPU.ActiveCfg = Release|Any CPU
		{8F694C40-E4B2-09E3-AC9C-7CE42C5E5DD9}.Release|Any CPU.Build.0 = Release|Any CPU
		{8F694C40-E4B2-09E3-AC9C-7CE42C5E5DD9}.Release|x64.ActiveCfg = Release|Any CPU
		{8F694C40-E4B2-09E3-AC9C-7CE42C5E5DD9}.Release|x64.Build.0 = Release|Any CPU
		{8F694C40-E4B2-09E3-AC9C-7CE42C5E5DD9}.Release|x86.ActiveCfg = Release|Any CPU
		{8F694C40-E4B2-09E3-AC9C-7CE42C5E5DD9}.Release|x86.Build.0 = Release|Any CPU
		{360CC4D6-5B1E-3761-4422-FDD95A3C2FC2}.Debug|Any CPU.ActiveCfg = Debug|Any CPU
		{360CC4D6-5B1E-3761-4422-FDD95A3C2FC2}.Debug|Any CPU.Build.0 = Debug|Any CPU
		{360CC4D6-5B1E-3761-4422-FDD95A3C2FC2}.Debug|x64.ActiveCfg = Debug|Any CPU
		{360CC4D6-5B1E-3761-4422-FDD95A3C2FC2}.Debug|x64.Build.0 = Debug|Any CPU
		{360CC4D6-5B1E-3761-4422-FDD95A3C2FC2}.Debug|x86.ActiveCfg = Debug|Any CPU
		{360CC4D6-5B1E-3761-4422-FDD95A3C2FC2}.Debug|x86.Build.0 = Debug|Any CPU
		{360CC4D6-5B1E-3761-4422-FDD95A3C2FC2}.Release|Any CPU.ActiveCfg = Release|Any CPU
		{360CC4D6-5B1E-3761-4422-FDD95A3C2FC2}.Release|Any CPU.Build.0 = Release|Any CPU
		{360CC4D6-5B1E-3761-4422-FDD95A3C2FC2}.Release|x64.ActiveCfg = Release|Any CPU
		{360CC4D6-5B1E-3761-4422-FDD95A3C2FC2}.Release|x64.Build.0 = Release|Any CPU
		{360CC4D6-5B1E-3761-4422-FDD95A3C2FC2}.Release|x86.ActiveCfg = Release|Any CPU
		{360CC4D6-5B1E-3761-4422-FDD95A3C2FC2}.Release|x86.Build.0 = Release|Any CPU
		{7ADC7E93-4B51-0160-51E8-C130D9CDCC7F}.Debug|Any CPU.ActiveCfg = Debug|Any CPU
		{7ADC7E93-4B51-0160-51E8-C130D9CDCC7F}.Debug|Any CPU.Build.0 = Debug|Any CPU
		{7ADC7E93-4B51-0160-51E8-C130D9CDCC7F}.Debug|x64.ActiveCfg = Debug|Any CPU
		{7ADC7E93-4B51-0160-51E8-C130D9CDCC7F}.Debug|x64.Build.0 = Debug|Any CPU
		{7ADC7E93-4B51-0160-51E8-C130D9CDCC7F}.Debug|x86.ActiveCfg = Debug|Any CPU
		{7ADC7E93-4B51-0160-51E8-C130D9CDCC7F}.Debug|x86.Build.0 = Debug|Any CPU
		{7ADC7E93-4B51-0160-51E8-C130D9CDCC7F}.Release|Any CPU.ActiveCfg = Release|Any CPU
		{7ADC7E93-4B51-0160-51E8-C130D9CDCC7F}.Release|Any CPU.Build.0 = Release|Any CPU
		{7ADC7E93-4B51-0160-51E8-C130D9CDCC7F}.Release|x64.ActiveCfg = Release|Any CPU
		{7ADC7E93-4B51-0160-51E8-C130D9CDCC7F}.Release|x64.Build.0 = Release|Any CPU
		{7ADC7E93-4B51-0160-51E8-C130D9CDCC7F}.Release|x86.ActiveCfg = Release|Any CPU
		{7ADC7E93-4B51-0160-51E8-C130D9CDCC7F}.Release|x86.Build.0 = Release|Any CPU
		{12E97002-79FF-5BB5-F97D-D991047D0216}.Debug|Any CPU.ActiveCfg = Debug|Any CPU
		{12E97002-79FF-5BB5-F97D-D991047D0216}.Debug|Any CPU.Build.0 = Debug|Any CPU
		{12E97002-79FF-5BB5-F97D-D991047D0216}.Debug|x64.ActiveCfg = Debug|Any CPU
		{12E97002-79FF-5BB5-F97D-D991047D0216}.Debug|x64.Build.0 = Debug|Any CPU
		{12E97002-79FF-5BB5-F97D-D991047D0216}.Debug|x86.ActiveCfg = Debug|Any CPU
		{12E97002-79FF-5BB5-F97D-D991047D0216}.Debug|x86.Build.0 = Debug|Any CPU
		{12E97002-79FF-5BB5-F97D-D991047D0216}.Release|Any CPU.ActiveCfg = Release|Any CPU
		{12E97002-79FF-5BB5-F97D-D991047D0216}.Release|Any CPU.Build.0 = Release|Any CPU
		{12E97002-79FF-5BB5-F97D-D991047D0216}.Release|x64.ActiveCfg = Release|Any CPU
		{12E97002-79FF-5BB5-F97D-D991047D0216}.Release|x64.Build.0 = Release|Any CPU
		{12E97002-79FF-5BB5-F97D-D991047D0216}.Release|x86.ActiveCfg = Release|Any CPU
		{12E97002-79FF-5BB5-F97D-D991047D0216}.Release|x86.Build.0 = Release|Any CPU
		{33B88C86-F34E-36D6-5A53-06ECEB9E769C}.Debug|Any CPU.ActiveCfg = Debug|Any CPU
		{33B88C86-F34E-36D6-5A53-06ECEB9E769C}.Debug|Any CPU.Build.0 = Debug|Any CPU
		{33B88C86-F34E-36D6-5A53-06ECEB9E769C}.Debug|x64.ActiveCfg = Debug|Any CPU
		{33B88C86-F34E-36D6-5A53-06ECEB9E769C}.Debug|x64.Build.0 = Debug|Any CPU
		{33B88C86-F34E-36D6-5A53-06ECEB9E769C}.Debug|x86.ActiveCfg = Debug|Any CPU
		{33B88C86-F34E-36D6-5A53-06ECEB9E769C}.Debug|x86.Build.0 = Debug|Any CPU
		{33B88C86-F34E-36D6-5A53-06ECEB9E769C}.Release|Any CPU.ActiveCfg = Release|Any CPU
		{33B88C86-F34E-36D6-5A53-06ECEB9E769C}.Release|Any CPU.Build.0 = Release|Any CPU
		{33B88C86-F34E-36D6-5A53-06ECEB9E769C}.Release|x64.ActiveCfg = Release|Any CPU
		{33B88C86-F34E-36D6-5A53-06ECEB9E769C}.Release|x64.Build.0 = Release|Any CPU
		{33B88C86-F34E-36D6-5A53-06ECEB9E769C}.Release|x86.ActiveCfg = Release|Any CPU
		{33B88C86-F34E-36D6-5A53-06ECEB9E769C}.Release|x86.Build.0 = Release|Any CPU
		{95B60AF6-C249-79F2-29E5-514B74CE17F6}.Debug|Any CPU.ActiveCfg = Debug|Any CPU
		{95B60AF6-C249-79F2-29E5-514B74CE17F6}.Debug|Any CPU.Build.0 = Debug|Any CPU
		{95B60AF6-C249-79F2-29E5-514B74CE17F6}.Debug|x64.ActiveCfg = Debug|Any CPU
		{95B60AF6-C249-79F2-29E5-514B74CE17F6}.Debug|x64.Build.0 = Debug|Any CPU
		{95B60AF6-C249-79F2-29E5-514B74CE17F6}.Debug|x86.ActiveCfg = Debug|Any CPU
		{95B60AF6-C249-79F2-29E5-514B74CE17F6}.Debug|x86.Build.0 = Debug|Any CPU
		{95B60AF6-C249-79F2-29E5-514B74CE17F6}.Release|Any CPU.ActiveCfg = Release|Any CPU
		{95B60AF6-C249-79F2-29E5-514B74CE17F6}.Release|Any CPU.Build.0 = Release|Any CPU
		{95B60AF6-C249-79F2-29E5-514B74CE17F6}.Release|x64.ActiveCfg = Release|Any CPU
		{95B60AF6-C249-79F2-29E5-514B74CE17F6}.Release|x64.Build.0 = Release|Any CPU
		{95B60AF6-C249-79F2-29E5-514B74CE17F6}.Release|x86.ActiveCfg = Release|Any CPU
		{95B60AF6-C249-79F2-29E5-514B74CE17F6}.Release|x86.Build.0 = Release|Any CPU
		{43EA15E1-BCF5-C3AB-923C-D51092EC6203}.Debug|Any CPU.ActiveCfg = Debug|Any CPU
		{43EA15E1-BCF5-C3AB-923C-D51092EC6203}.Debug|Any CPU.Build.0 = Debug|Any CPU
		{43EA15E1-BCF5-C3AB-923C-D51092EC6203}.Debug|x64.ActiveCfg = Debug|Any CPU
		{43EA15E1-BCF5-C3AB-923C-D51092EC6203}.Debug|x64.Build.0 = Debug|Any CPU
		{43EA15E1-BCF5-C3AB-923C-D51092EC6203}.Debug|x86.ActiveCfg = Debug|Any CPU
		{43EA15E1-BCF5-C3AB-923C-D51092EC6203}.Debug|x86.Build.0 = Debug|Any CPU
		{43EA15E1-BCF5-C3AB-923C-D51092EC6203}.Release|Any CPU.ActiveCfg = Release|Any CPU
		{43EA15E1-BCF5-C3AB-923C-D51092EC6203}.Release|Any CPU.Build.0 = Release|Any CPU
		{43EA15E1-BCF5-C3AB-923C-D51092EC6203}.Release|x64.ActiveCfg = Release|Any CPU
		{43EA15E1-BCF5-C3AB-923C-D51092EC6203}.Release|x64.Build.0 = Release|Any CPU
		{43EA15E1-BCF5-C3AB-923C-D51092EC6203}.Release|x86.ActiveCfg = Release|Any CPU
		{43EA15E1-BCF5-C3AB-923C-D51092EC6203}.Release|x86.Build.0 = Release|Any CPU
		{C925730F-10F7-71D8-9FEF-74B03FAC29B3}.Debug|Any CPU.ActiveCfg = Debug|Any CPU
		{C925730F-10F7-71D8-9FEF-74B03FAC29B3}.Debug|Any CPU.Build.0 = Debug|Any CPU
		{C925730F-10F7-71D8-9FEF-74B03FAC29B3}.Debug|x64.ActiveCfg = Debug|Any CPU
		{C925730F-10F7-71D8-9FEF-74B03FAC29B3}.Debug|x64.Build.0 = Debug|Any CPU
		{C925730F-10F7-71D8-9FEF-74B03FAC29B3}.Debug|x86.ActiveCfg = Debug|Any CPU
		{C925730F-10F7-71D8-9FEF-74B03FAC29B3}.Debug|x86.Build.0 = Debug|Any CPU
		{C925730F-10F7-71D8-9FEF-74B03FAC29B3}.Release|Any CPU.ActiveCfg = Release|Any CPU
		{C925730F-10F7-71D8-9FEF-74B03FAC29B3}.Release|Any CPU.Build.0 = Release|Any CPU
		{C925730F-10F7-71D8-9FEF-74B03FAC29B3}.Release|x64.ActiveCfg = Release|Any CPU
		{C925730F-10F7-71D8-9FEF-74B03FAC29B3}.Release|x64.Build.0 = Release|Any CPU
		{C925730F-10F7-71D8-9FEF-74B03FAC29B3}.Release|x86.ActiveCfg = Release|Any CPU
		{C925730F-10F7-71D8-9FEF-74B03FAC29B3}.Release|x86.Build.0 = Release|Any CPU
		{371ACF9B-9286-F25E-14ED-7EEBA3B09C79}.Debug|Any CPU.ActiveCfg = Debug|Any CPU
		{371ACF9B-9286-F25E-14ED-7EEBA3B09C79}.Debug|Any CPU.Build.0 = Debug|Any CPU
		{371ACF9B-9286-F25E-14ED-7EEBA3B09C79}.Debug|x64.ActiveCfg = Debug|Any CPU
		{371ACF9B-9286-F25E-14ED-7EEBA3B09C79}.Debug|x64.Build.0 = Debug|Any CPU
		{371ACF9B-9286-F25E-14ED-7EEBA3B09C79}.Debug|x86.ActiveCfg = Debug|Any CPU
		{371ACF9B-9286-F25E-14ED-7EEBA3B09C79}.Debug|x86.Build.0 = Debug|Any CPU
		{371ACF9B-9286-F25E-14ED-7EEBA3B09C79}.Release|Any CPU.ActiveCfg = Release|Any CPU
		{371ACF9B-9286-F25E-14ED-7EEBA3B09C79}.Release|Any CPU.Build.0 = Release|Any CPU
		{371ACF9B-9286-F25E-14ED-7EEBA3B09C79}.Release|x64.ActiveCfg = Release|Any CPU
		{371ACF9B-9286-F25E-14ED-7EEBA3B09C79}.Release|x64.Build.0 = Release|Any CPU
		{371ACF9B-9286-F25E-14ED-7EEBA3B09C79}.Release|x86.ActiveCfg = Release|Any CPU
		{371ACF9B-9286-F25E-14ED-7EEBA3B09C79}.Release|x86.Build.0 = Release|Any CPU
		{264CEB1C-93C4-8B5A-1AEE-88E941E263F1}.Debug|Any CPU.ActiveCfg = Debug|Any CPU
		{264CEB1C-93C4-8B5A-1AEE-88E941E263F1}.Debug|Any CPU.Build.0 = Debug|Any CPU
		{264CEB1C-93C4-8B5A-1AEE-88E941E263F1}.Debug|x64.ActiveCfg = Debug|Any CPU
		{264CEB1C-93C4-8B5A-1AEE-88E941E263F1}.Debug|x64.Build.0 = Debug|Any CPU
		{264CEB1C-93C4-8B5A-1AEE-88E941E263F1}.Debug|x86.ActiveCfg = Debug|Any CPU
		{264CEB1C-93C4-8B5A-1AEE-88E941E263F1}.Debug|x86.Build.0 = Debug|Any CPU
		{264CEB1C-93C4-8B5A-1AEE-88E941E263F1}.Release|Any CPU.ActiveCfg = Release|Any CPU
		{264CEB1C-93C4-8B5A-1AEE-88E941E263F1}.Release|Any CPU.Build.0 = Release|Any CPU
		{264CEB1C-93C4-8B5A-1AEE-88E941E263F1}.Release|x64.ActiveCfg = Release|Any CPU
		{264CEB1C-93C4-8B5A-1AEE-88E941E263F1}.Release|x64.Build.0 = Release|Any CPU
		{264CEB1C-93C4-8B5A-1AEE-88E941E263F1}.Release|x86.ActiveCfg = Release|Any CPU
		{264CEB1C-93C4-8B5A-1AEE-88E941E263F1}.Release|x86.Build.0 = Release|Any CPU
		{722D4FFC-0923-9951-9D8F-3F50D95E7EDC}.Debug|Any CPU.ActiveCfg = Debug|Any CPU
		{722D4FFC-0923-9951-9D8F-3F50D95E7EDC}.Debug|Any CPU.Build.0 = Debug|Any CPU
		{722D4FFC-0923-9951-9D8F-3F50D95E7EDC}.Debug|x64.ActiveCfg = Debug|Any CPU
		{722D4FFC-0923-9951-9D8F-3F50D95E7EDC}.Debug|x64.Build.0 = Debug|Any CPU
		{722D4FFC-0923-9951-9D8F-3F50D95E7EDC}.Debug|x86.ActiveCfg = Debug|Any CPU
		{722D4FFC-0923-9951-9D8F-3F50D95E7EDC}.Debug|x86.Build.0 = Debug|Any CPU
		{722D4FFC-0923-9951-9D8F-3F50D95E7EDC}.Release|Any CPU.ActiveCfg = Release|Any CPU
		{722D4FFC-0923-9951-9D8F-3F50D95E7EDC}.Release|Any CPU.Build.0 = Release|Any CPU
		{722D4FFC-0923-9951-9D8F-3F50D95E7EDC}.Release|x64.ActiveCfg = Release|Any CPU
		{722D4FFC-0923-9951-9D8F-3F50D95E7EDC}.Release|x64.Build.0 = Release|Any CPU
		{722D4FFC-0923-9951-9D8F-3F50D95E7EDC}.Release|x86.ActiveCfg = Release|Any CPU
		{722D4FFC-0923-9951-9D8F-3F50D95E7EDC}.Release|x86.Build.0 = Release|Any CPU
		{78625390-0377-E99C-ECBC-50F289A4E2DE}.Debug|Any CPU.ActiveCfg = Debug|Any CPU
		{78625390-0377-E99C-ECBC-50F289A4E2DE}.Debug|Any CPU.Build.0 = Debug|Any CPU
		{78625390-0377-E99C-ECBC-50F289A4E2DE}.Debug|x64.ActiveCfg = Debug|Any CPU
		{78625390-0377-E99C-ECBC-50F289A4E2DE}.Debug|x64.Build.0 = Debug|Any CPU
		{78625390-0377-E99C-ECBC-50F289A4E2DE}.Debug|x86.ActiveCfg = Debug|Any CPU
		{78625390-0377-E99C-ECBC-50F289A4E2DE}.Debug|x86.Build.0 = Debug|Any CPU
		{78625390-0377-E99C-ECBC-50F289A4E2DE}.Release|Any CPU.ActiveCfg = Release|Any CPU
		{78625390-0377-E99C-ECBC-50F289A4E2DE}.Release|Any CPU.Build.0 = Release|Any CPU
		{78625390-0377-E99C-ECBC-50F289A4E2DE}.Release|x64.ActiveCfg = Release|Any CPU
		{78625390-0377-E99C-ECBC-50F289A4E2DE}.Release|x64.Build.0 = Release|Any CPU
		{78625390-0377-E99C-ECBC-50F289A4E2DE}.Release|x86.ActiveCfg = Release|Any CPU
		{78625390-0377-E99C-ECBC-50F289A4E2DE}.Release|x86.Build.0 = Release|Any CPU
		{6BA5E416-C76C-79C0-97B9-3E49101DDD8F}.Debug|Any CPU.ActiveCfg = Debug|Any CPU
		{6BA5E416-C76C-79C0-97B9-3E49101DDD8F}.Debug|Any CPU.Build.0 = Debug|Any CPU
		{6BA5E416-C76C-79C0-97B9-3E49101DDD8F}.Debug|x64.ActiveCfg = Debug|Any CPU
		{6BA5E416-C76C-79C0-97B9-3E49101DDD8F}.Debug|x64.Build.0 = Debug|Any CPU
		{6BA5E416-C76C-79C0-97B9-3E49101DDD8F}.Debug|x86.ActiveCfg = Debug|Any CPU
		{6BA5E416-C76C-79C0-97B9-3E49101DDD8F}.Debug|x86.Build.0 = Debug|Any CPU
		{6BA5E416-C76C-79C0-97B9-3E49101DDD8F}.Release|Any CPU.ActiveCfg = Release|Any CPU
		{6BA5E416-C76C-79C0-97B9-3E49101DDD8F}.Release|Any CPU.Build.0 = Release|Any CPU
		{6BA5E416-C76C-79C0-97B9-3E49101DDD8F}.Release|x64.ActiveCfg = Release|Any CPU
		{6BA5E416-C76C-79C0-97B9-3E49101DDD8F}.Release|x64.Build.0 = Release|Any CPU
		{6BA5E416-C76C-79C0-97B9-3E49101DDD8F}.Release|x86.ActiveCfg = Release|Any CPU
		{6BA5E416-C76C-79C0-97B9-3E49101DDD8F}.Release|x86.Build.0 = Release|Any CPU
		{40394CD7-A073-7F1A-DE6B-835FBF399FC7}.Debug|Any CPU.ActiveCfg = Debug|Any CPU
		{40394CD7-A073-7F1A-DE6B-835FBF399FC7}.Debug|Any CPU.Build.0 = Debug|Any CPU
		{40394CD7-A073-7F1A-DE6B-835FBF399FC7}.Debug|x64.ActiveCfg = Debug|Any CPU
		{40394CD7-A073-7F1A-DE6B-835FBF399FC7}.Debug|x64.Build.0 = Debug|Any CPU
		{40394CD7-A073-7F1A-DE6B-835FBF399FC7}.Debug|x86.ActiveCfg = Debug|Any CPU
		{40394CD7-A073-7F1A-DE6B-835FBF399FC7}.Debug|x86.Build.0 = Debug|Any CPU
		{40394CD7-A073-7F1A-DE6B-835FBF399FC7}.Release|Any CPU.ActiveCfg = Release|Any CPU
		{40394CD7-A073-7F1A-DE6B-835FBF399FC7}.Release|Any CPU.Build.0 = Release|Any CPU
		{40394CD7-A073-7F1A-DE6B-835FBF399FC7}.Release|x64.ActiveCfg = Release|Any CPU
		{40394CD7-A073-7F1A-DE6B-835FBF399FC7}.Release|x64.Build.0 = Release|Any CPU
		{40394CD7-A073-7F1A-DE6B-835FBF399FC7}.Release|x86.ActiveCfg = Release|Any CPU
		{40394CD7-A073-7F1A-DE6B-835FBF399FC7}.Release|x86.Build.0 = Release|Any CPU
		{43412DE9-F09A-A315-9BF5-5B5C8C993E68}.Debug|Any CPU.ActiveCfg = Debug|Any CPU
		{43412DE9-F09A-A315-9BF5-5B5C8C993E68}.Debug|Any CPU.Build.0 = Debug|Any CPU
		{43412DE9-F09A-A315-9BF5-5B5C8C993E68}.Debug|x64.ActiveCfg = Debug|Any CPU
		{43412DE9-F09A-A315-9BF5-5B5C8C993E68}.Debug|x64.Build.0 = Debug|Any CPU
		{43412DE9-F09A-A315-9BF5-5B5C8C993E68}.Debug|x86.ActiveCfg = Debug|Any CPU
		{43412DE9-F09A-A315-9BF5-5B5C8C993E68}.Debug|x86.Build.0 = Debug|Any CPU
		{43412DE9-F09A-A315-9BF5-5B5C8C993E68}.Release|Any CPU.ActiveCfg = Release|Any CPU
		{43412DE9-F09A-A315-9BF5-5B5C8C993E68}.Release|Any CPU.Build.0 = Release|Any CPU
		{43412DE9-F09A-A315-9BF5-5B5C8C993E68}.Release|x64.ActiveCfg = Release|Any CPU
		{43412DE9-F09A-A315-9BF5-5B5C8C993E68}.Release|x64.Build.0 = Release|Any CPU
		{43412DE9-F09A-A315-9BF5-5B5C8C993E68}.Release|x86.ActiveCfg = Release|Any CPU
		{43412DE9-F09A-A315-9BF5-5B5C8C993E68}.Release|x86.Build.0 = Release|Any CPU
		{A0423EFC-D770-4559-B0C5-5C31CE25F3D8}.Debug|Any CPU.ActiveCfg = Debug|Any CPU
		{A0423EFC-D770-4559-B0C5-5C31CE25F3D8}.Debug|Any CPU.Build.0 = Debug|Any CPU
		{A0423EFC-D770-4559-B0C5-5C31CE25F3D8}.Debug|x64.ActiveCfg = Debug|Any CPU
		{A0423EFC-D770-4559-B0C5-5C31CE25F3D8}.Debug|x64.Build.0 = Debug|Any CPU
		{A0423EFC-D770-4559-B0C5-5C31CE25F3D8}.Debug|x86.ActiveCfg = Debug|Any CPU
		{A0423EFC-D770-4559-B0C5-5C31CE25F3D8}.Debug|x86.Build.0 = Debug|Any CPU
		{A0423EFC-D770-4559-B0C5-5C31CE25F3D8}.Release|Any CPU.ActiveCfg = Release|Any CPU
		{A0423EFC-D770-4559-B0C5-5C31CE25F3D8}.Release|Any CPU.Build.0 = Release|Any CPU
		{A0423EFC-D770-4559-B0C5-5C31CE25F3D8}.Release|x64.ActiveCfg = Release|Any CPU
		{A0423EFC-D770-4559-B0C5-5C31CE25F3D8}.Release|x64.Build.0 = Release|Any CPU
		{A0423EFC-D770-4559-B0C5-5C31CE25F3D8}.Release|x86.ActiveCfg = Release|Any CPU
		{A0423EFC-D770-4559-B0C5-5C31CE25F3D8}.Release|x86.Build.0 = Release|Any CPU
		{D90140FE-944A-493B-89F6-FF431A73FAA1}.Debug|Any CPU.ActiveCfg = Debug|Any CPU
		{D90140FE-944A-493B-89F6-FF431A73FAA1}.Debug|Any CPU.Build.0 = Debug|Any CPU
		{D90140FE-944A-493B-89F6-FF431A73FAA1}.Debug|x64.ActiveCfg = Debug|Any CPU
		{D90140FE-944A-493B-89F6-FF431A73FAA1}.Debug|x64.Build.0 = Debug|Any CPU
		{D90140FE-944A-493B-89F6-FF431A73FAA1}.Debug|x86.ActiveCfg = Debug|Any CPU
		{D90140FE-944A-493B-89F6-FF431A73FAA1}.Debug|x86.Build.0 = Debug|Any CPU
		{D90140FE-944A-493B-89F6-FF431A73FAA1}.Release|Any CPU.ActiveCfg = Release|Any CPU
		{D90140FE-944A-493B-89F6-FF431A73FAA1}.Release|Any CPU.Build.0 = Release|Any CPU
		{D90140FE-944A-493B-89F6-FF431A73FAA1}.Release|x64.ActiveCfg = Release|Any CPU
		{D90140FE-944A-493B-89F6-FF431A73FAA1}.Release|x64.Build.0 = Release|Any CPU
		{D90140FE-944A-493B-89F6-FF431A73FAA1}.Release|x86.ActiveCfg = Release|Any CPU
		{D90140FE-944A-493B-89F6-FF431A73FAA1}.Release|x86.Build.0 = Release|Any CPU
		{3EE010C2-CB78-4C8B-861A-4CC87F74FB2C}.Debug|Any CPU.ActiveCfg = Debug|Any CPU
		{3EE010C2-CB78-4C8B-861A-4CC87F74FB2C}.Debug|Any CPU.Build.0 = Debug|Any CPU
		{3EE010C2-CB78-4C8B-861A-4CC87F74FB2C}.Debug|x64.ActiveCfg = Debug|Any CPU
		{3EE010C2-CB78-4C8B-861A-4CC87F74FB2C}.Debug|x64.Build.0 = Debug|Any CPU
		{3EE010C2-CB78-4C8B-861A-4CC87F74FB2C}.Debug|x86.ActiveCfg = Debug|Any CPU
		{3EE010C2-CB78-4C8B-861A-4CC87F74FB2C}.Debug|x86.Build.0 = Debug|Any CPU
		{3EE010C2-CB78-4C8B-861A-4CC87F74FB2C}.Release|Any CPU.ActiveCfg = Release|Any CPU
		{3EE010C2-CB78-4C8B-861A-4CC87F74FB2C}.Release|Any CPU.Build.0 = Release|Any CPU
		{3EE010C2-CB78-4C8B-861A-4CC87F74FB2C}.Release|x64.ActiveCfg = Release|Any CPU
		{3EE010C2-CB78-4C8B-861A-4CC87F74FB2C}.Release|x64.Build.0 = Release|Any CPU
		{3EE010C2-CB78-4C8B-861A-4CC87F74FB2C}.Release|x86.ActiveCfg = Release|Any CPU
		{3EE010C2-CB78-4C8B-861A-4CC87F74FB2C}.Release|x86.Build.0 = Release|Any CPU
	EndGlobalSection
	GlobalSection(SolutionProperties) = preSolution
		HideSolutionNode = FALSE
	EndGlobalSection
	GlobalSection(NestedProjects) = preSolution
		{9048EB7F-3875-A59E-E36B-5BD4C6F2A282} = {827E0CD3-B72D-47B6-A68D-7590B98EB39B}
		{7105505F-3554-4DD1-A578-B7679768E888} = {8D6C077D-F5C9-43AC-B00A-C029941B5136}
		{5263BAAE-EE9F-4DFE-9B19-A194014A1F51} = {8D6C077D-F5C9-43AC-B00A-C029941B5136}
		{51D88490-8A66-408E-8FD9-725733C12C46} = {8D6C077D-F5C9-43AC-B00A-C029941B5136}
		{75C7F3F4-1483-4CEC-9660-8F5D252FB393} = {8D6C077D-F5C9-43AC-B00A-C029941B5136}
		{B027EC8B-43C3-49CD-9232-A6A4817E4973} = {827E0CD3-B72D-47B6-A68D-7590B98EB39B}
		{8D6C077D-F5C9-43AC-B00A-C029941B5136} = {827E0CD3-B72D-47B6-A68D-7590B98EB39B}
		{35570C6D-C4FD-4B12-80F7-15DB528FDDCC} = {827E0CD3-B72D-47B6-A68D-7590B98EB39B}
		{D51FC69C-16C0-6174-C26B-EF72D8C7C718} = {9048EB7F-3875-A59E-E36B-5BD4C6F2A282}
		{10CCD9A8-D412-B319-F76F-AC73A8072F5A} = {9048EB7F-3875-A59E-E36B-5BD4C6F2A282}
		{0FC4053D-D4A3-FE33-8531-9F46119A6B18} = {B027EC8B-43C3-49CD-9232-A6A4817E4973}
		{5031F013-11A7-CAF9-BC82-C8D43CE2A627} = {7105505F-3554-4DD1-A578-B7679768E888}
		{9CE3393F-C365-6E45-4425-56146025941A} = {7105505F-3554-4DD1-A578-B7679768E888}
		{1255C46F-595F-7DA5-04AB-7EFD7866E68B} = {7105505F-3554-4DD1-A578-B7679768E888}
		{BA8D07AA-12E2-04A2-D93D-F90372B3576F} = {7105505F-3554-4DD1-A578-B7679768E888}
		{8F694C40-E4B2-09E3-AC9C-7CE42C5E5DD9} = {5263BAAE-EE9F-4DFE-9B19-A194014A1F51}
		{360CC4D6-5B1E-3761-4422-FDD95A3C2FC2} = {5263BAAE-EE9F-4DFE-9B19-A194014A1F51}
		{7ADC7E93-4B51-0160-51E8-C130D9CDCC7F} = {5263BAAE-EE9F-4DFE-9B19-A194014A1F51}
		{12E97002-79FF-5BB5-F97D-D991047D0216} = {5263BAAE-EE9F-4DFE-9B19-A194014A1F51}
		{33B88C86-F34E-36D6-5A53-06ECEB9E769C} = {51D88490-8A66-408E-8FD9-725733C12C46}
		{95B60AF6-C249-79F2-29E5-514B74CE17F6} = {51D88490-8A66-408E-8FD9-725733C12C46}
		{43EA15E1-BCF5-C3AB-923C-D51092EC6203} = {51D88490-8A66-408E-8FD9-725733C12C46}
		{C925730F-10F7-71D8-9FEF-74B03FAC29B3} = {51D88490-8A66-408E-8FD9-725733C12C46}
		{371ACF9B-9286-F25E-14ED-7EEBA3B09C79} = {75C7F3F4-1483-4CEC-9660-8F5D252FB393}
		{264CEB1C-93C4-8B5A-1AEE-88E941E263F1} = {75C7F3F4-1483-4CEC-9660-8F5D252FB393}
		{722D4FFC-0923-9951-9D8F-3F50D95E7EDC} = {75C7F3F4-1483-4CEC-9660-8F5D252FB393}
		{78625390-0377-E99C-ECBC-50F289A4E2DE} = {75C7F3F4-1483-4CEC-9660-8F5D252FB393}
		{6BA5E416-C76C-79C0-97B9-3E49101DDD8F} = {35570C6D-C4FD-4B12-80F7-15DB528FDDCC}
		{40394CD7-A073-7F1A-DE6B-835FBF399FC7} = {35570C6D-C4FD-4B12-80F7-15DB528FDDCC}
		{43412DE9-F09A-A315-9BF5-5B5C8C993E68} = {35570C6D-C4FD-4B12-80F7-15DB528FDDCC}
		{A0423EFC-D770-4559-B0C5-5C31CE25F3D8} = {9048EB7F-3875-A59E-E36B-5BD4C6F2A282}
		{D90140FE-944A-493B-89F6-FF431A73FAA1} = {1C3B8209-1024-4127-B252-AC20AC0ED6D2}
		{3EE010C2-CB78-4C8B-861A-4CC87F74FB2C} = {9048EB7F-3875-A59E-E36B-5BD4C6F2A282}
	EndGlobalSection
	GlobalSection(ExtensibilityGlobals) = postSolution
		SolutionGuid = {71CAA84E-AC05-46DA-9E14-61693BD3C351}
	EndGlobalSection
EndGlobal
