
Microsoft Visual Studio Solution File, Format Version 12.00
# Visual Studio Version 18
VisualStudioVersion = 18.6.11723.189
MinimumVisualStudioVersion = 10.0.40219.1
Project("{2150E333-8FDC-42A3-9474-1A3956D46DE8}") = "src", "src", "{827E0CD3-B72D-47B6-A68D-7590B98EB39B}"
EndProject
Project("{FAE04EC0-301F-11D3-BF4B-00C04F79EFBC}") = "Users.Domain", "src\Domain\Breadboard.Domain.Users\Users.Domain.csproj", "{EAE6FFAD-B8F5-4AFA-8A48-4CD5E2801D05}"
EndProject
Project("{2150E333-8FDC-42A3-9474-1A3956D46DE8}") = "BuildingBlocks", "BuildingBlocks", "{9048EB7F-3875-A59E-E36B-5BD4C6F2A282}"
EndProject
Project("{FAE04EC0-301F-11D3-BF4B-00C04F79EFBC}") = "BuildingBlocks.PostgreSQL", "src\Infrastructure\Breadboard.Infra.PostgreSQL\BuildingBlocks.PostgreSQL.csproj", "{06F73863-3055-4556-9417-EA009A1085EE}"
EndProject
Project("{FAE04EC0-301F-11D3-BF4B-00C04F79EFBC}") = "BuildingBlocks.PostgreSQLDapper", "src\Infrastructure\Breadboard.Infra.PostgreSQLDapper\BuildingBlocks.PostgreSQLDapper.csproj", "{0299E0B3-9BAE-43E7-835E-665EAF826D15}"
EndProject
Project("{FAE04EC0-301F-11D3-BF4B-00C04F79EFBC}") = "SharedKernel.Domain", "src\Domain\Breadboard.Domain.Shared\SharedKernel.Domain.csproj", "{4A31CB44-6ABA-4A93-B786-AEB6F67493B4}"
EndProject
Project("{FAE04EC0-301F-11D3-BF4B-00C04F79EFBC}") = "Breadboard.Presentation.Jwt", "src\Infrastructure\Breadboard.Infra.Jwt\Breadboard.Presentation.Jwt.csproj", "{9EF97A6B-6107-43BB-A548-8ED467433E1B}"
	ProjectSection(ProjectDependencies) = postProject
		{EAE6FFAD-B8F5-4AFA-8A48-4CD5E2801D05} = {EAE6FFAD-B8F5-4AFA-8A48-4CD5E2801D05}
	EndProjectSection
EndProject
Project("{2150E333-8FDC-42A3-9474-1A3956D46DE8}") = "tests", "tests", "{8D9ABA0D-C771-4EB6-B8E1-5C9B1BD6BF4C}"
EndProject
Project("{FAE04EC0-301F-11D3-BF4B-00C04F79EFBC}") = "Breadboard.Domain.UnitTests", "Breadboard.Domain.UnitTests\Breadboard.Domain.UnitTests.csproj", "{960F8405-367B-4A0A-A8E8-C3D3914A713C}"
EndProject
Project("{FAE04EC0-301F-11D3-BF4B-00C04F79EFBC}") = "SharedKernel.Application", "src\Application\Breadboard.Application.Shared\SharedKernel.Application.csproj", "{785B39F7-7211-439E-8228-E42543CE77D1}"
EndProject
Project("{FAE04EC0-301F-11D3-BF4B-00C04F79EFBC}") = "Breadboard.Presentation.Api", "src\Presentation\Breadboard.Presentation.Api\Breadboard.Presentation.Api.csproj", "{472A4C87-CE24-BA55-265A-FCE1DB52807C}"
EndProject
Project("{FAE04EC0-301F-11D3-BF4B-00C04F79EFBC}") = "Finances.Domain", "src\Domain\Breadboard.Domain.Finances\Finances.Domain.csproj", "{43C39EB2-CFE2-43B8-96DF-D115BFF728A0}"
EndProject
Project("{FAE04EC0-301F-11D3-BF4B-00C04F79EFBC}") = "Products.Domain", "src\Domain\Breadboard.Domain.Products\Products.Domain.csproj", "{3536832A-78CA-43DD-8681-10A56F4D1FA9}"
EndProject
Project("{FAE04EC0-301F-11D3-BF4B-00C04F79EFBC}") = "Users.Application", "src\Application\Breadboard.Application.Users\Users.Application.csproj", "{D98DE500-C435-4B26-9D9C-7F4DFB8CB24F}"
EndProject
Project("{FAE04EC0-301F-11D3-BF4B-00C04F79EFBC}") = "Finances.Application", "src\Application\Breadboard.Application.Finances\Finances.Application.csproj", "{ED05CE94-17CB-4C9B-B05E-D8F909D08561}"
EndProject
Project("{FAE04EC0-301F-11D3-BF4B-00C04F79EFBC}") = "Products.Presentation", "src\Presentation\Breadboard.Presentation.Products\Products.Presentation.csproj", "{E9BCEC63-615E-481B-BD77-2C22A0DD9B4E}"
EndProject
Project("{FAE04EC0-301F-11D3-BF4B-00C04F79EFBC}") = "Users.Presentation", "src\Presentation\Breadboard.Presentation.Users\Users.Presentation.csproj", "{152C8ACF-7B0E-4F56-A2D3-EA31AF4D51B2}"
EndProject
Project("{FAE04EC0-301F-11D3-BF4B-00C04F79EFBC}") = "Finances.Presentation", "src\Presentation\Breadboard.Presentation.Finances\Finances.Presentation.csproj", "{FD6663AC-AA5F-4926-B28C-2553B606D2BB}"
EndProject
Project("{FAE04EC0-301F-11D3-BF4B-00C04F79EFBC}") = "Orders.Presentation", "src\Presentation\Breadboard.Presentation.Order\Orders.Presentation.csproj", "{7DA29786-F05D-489A-861E-424D81C20E6C}"
EndProject
Project("{FAE04EC0-301F-11D3-BF4B-00C04F79EFBC}") = "SharedKernel.Presentation", "src\Presentation\Breadboard.Presentation.Shared\SharedKernel.Presentation.csproj", "{5DBFEA01-19B5-46F4-9870-7AD2047A4A65}"
EndProject
Project("{FAE04EC0-301F-11D3-BF4B-00C04F79EFBC}") = "Orders.Domain", "src\Domain\Breadboard.Domain.Orders\Orders.Domain.csproj", "{43F7F0E7-2EDA-4D13-BA58-030AFC7118AC}"
EndProject
Project("{FAE04EC0-301F-11D3-BF4B-00C04F79EFBC}") = "Orders.Application", "src\Application\Breadboard.Application.Orders\Orders.Application.csproj", "{90042928-C5DB-4379-9C78-295F79F4B491}"
EndProject
Project("{2150E333-8FDC-42A3-9474-1A3956D46DE8}") = "Finances", "Finances", "{7105505F-3554-4DD1-A578-B7679768E888}"
EndProject
Project("{2150E333-8FDC-42A3-9474-1A3956D46DE8}") = "Orders", "Orders", "{5263BAAE-EE9F-4DFE-9B19-A194014A1F51}"
EndProject
Project("{2150E333-8FDC-42A3-9474-1A3956D46DE8}") = "Products", "Products", "{51D88490-8A66-408E-8FD9-725733C12C46}"
EndProject
Project("{2150E333-8FDC-42A3-9474-1A3956D46DE8}") = "Users", "Users", "{75C7F3F4-1483-4CEC-9660-8F5D252FB393}"
EndProject
Project("{2150E333-8FDC-42A3-9474-1A3956D46DE8}") = "Host", "Host", "{B027EC8B-43C3-49CD-9232-A6A4817E4973}"
EndProject
Project("{2150E333-8FDC-42A3-9474-1A3956D46DE8}") = "Modules", "Modules", "{8D6C077D-F5C9-43AC-B00A-C029941B5136}"
EndProject
Project("{FAE04EC0-301F-11D3-BF4B-00C04F79EFBC}") = "Finances.Infraestructure", "Finances.Infraestructure\Finances.Infraestructure.csproj", "{74CA95CA-31CC-4EF7-BADB-92075F6DC9C3}"
EndProject
Project("{FAE04EC0-301F-11D3-BF4B-00C04F79EFBC}") = "Orders.Infraestructure", "Orders.Infraestructure\Orders.Infraestructure.csproj", "{F2A30BF8-73B2-4F08-B202-C665612D4727}"
EndProject
Project("{FAE04EC0-301F-11D3-BF4B-00C04F79EFBC}") = "Products.Application", "src\Application\Breadboard.Application.Products\Products.Application.csproj", "{F2CAF6A3-748A-5288-4668-1C1B0429CAB5}"
EndProject
Project("{2150E333-8FDC-42A3-9474-1A3956D46DE8}") = "SharedKernel", "SharedKernel", "{35570C6D-C4FD-4B12-80F7-15DB528FDDCC}"
EndProject
Project("{FAE04EC0-301F-11D3-BF4B-00C04F79EFBC}") = "BuildingBlocks.Mediator", "BuildingBlocks.Mediator\BuildingBlocks.Mediator.csproj", "{BE7A7D72-1BD7-4DED-B28A-A9597F3F81EF}"
EndProject
Project("{FAE04EC0-301F-11D3-BF4B-00C04F79EFBC}") = "Users.Infrastructure", "Users.Infrastructure\Users.Infrastructure.csproj", "{45F2F3A2-14E9-473A-AF40-B3314762A6E7}"
EndProject
Project("{FAE04EC0-301F-11D3-BF4B-00C04F79EFBC}") = "Products.Infrastructure", "Products.Infrastructure\Products.Infrastructure.csproj", "{E10D9D19-8D1A-4487-9E1A-445020FBFD6B}"
EndProject
Global
	GlobalSection(SolutionConfigurationPlatforms) = preSolution
		Debug|Any CPU = Debug|Any CPU
		Debug|x64 = Debug|x64
		Debug|x86 = Debug|x86
		Release|Any CPU = Release|Any CPU
		Release|x64 = Release|x64
		Release|x86 = Release|x86
	EndGlobalSection
	GlobalSection(ProjectConfigurationPlatforms) = postSolution
		{EAE6FFAD-B8F5-4AFA-8A48-4CD5E2801D05}.Debug|Any CPU.ActiveCfg = Debug|Any CPU
		{EAE6FFAD-B8F5-4AFA-8A48-4CD5E2801D05}.Debug|Any CPU.Build.0 = Debug|Any CPU
		{EAE6FFAD-B8F5-4AFA-8A48-4CD5E2801D05}.Debug|x64.ActiveCfg = Debug|Any CPU
		{EAE6FFAD-B8F5-4AFA-8A48-4CD5E2801D05}.Debug|x64.Build.0 = Debug|Any CPU
		{EAE6FFAD-B8F5-4AFA-8A48-4CD5E2801D05}.Debug|x86.ActiveCfg = Debug|Any CPU
		{EAE6FFAD-B8F5-4AFA-8A48-4CD5E2801D05}.Debug|x86.Build.0 = Debug|Any CPU
		{EAE6FFAD-B8F5-4AFA-8A48-4CD5E2801D05}.Release|Any CPU.ActiveCfg = Release|Any CPU
		{EAE6FFAD-B8F5-4AFA-8A48-4CD5E2801D05}.Release|Any CPU.Build.0 = Release|Any CPU
		{EAE6FFAD-B8F5-4AFA-8A48-4CD5E2801D05}.Release|x64.ActiveCfg = Release|Any CPU
		{EAE6FFAD-B8F5-4AFA-8A48-4CD5E2801D05}.Release|x64.Build.0 = Release|Any CPU
		{EAE6FFAD-B8F5-4AFA-8A48-4CD5E2801D05}.Release|x86.ActiveCfg = Release|Any CPU
		{EAE6FFAD-B8F5-4AFA-8A48-4CD5E2801D05}.Release|x86.Build.0 = Release|Any CPU
		{06F73863-3055-4556-9417-EA009A1085EE}.Debug|Any CPU.ActiveCfg = Debug|Any CPU
		{06F73863-3055-4556-9417-EA009A1085EE}.Debug|Any CPU.Build.0 = Debug|Any CPU
		{06F73863-3055-4556-9417-EA009A1085EE}.Debug|x64.ActiveCfg = Debug|Any CPU
		{06F73863-3055-4556-9417-EA009A1085EE}.Debug|x64.Build.0 = Debug|Any CPU
		{06F73863-3055-4556-9417-EA009A1085EE}.Debug|x86.ActiveCfg = Debug|Any CPU
		{06F73863-3055-4556-9417-EA009A1085EE}.Debug|x86.Build.0 = Debug|Any CPU
		{06F73863-3055-4556-9417-EA009A1085EE}.Release|Any CPU.ActiveCfg = Release|Any CPU
		{06F73863-3055-4556-9417-EA009A1085EE}.Release|Any CPU.Build.0 = Release|Any CPU
		{06F73863-3055-4556-9417-EA009A1085EE}.Release|x64.ActiveCfg = Release|Any CPU
		{06F73863-3055-4556-9417-EA009A1085EE}.Release|x64.Build.0 = Release|Any CPU
		{06F73863-3055-4556-9417-EA009A1085EE}.Release|x86.ActiveCfg = Release|Any CPU
		{06F73863-3055-4556-9417-EA009A1085EE}.Release|x86.Build.0 = Release|Any CPU
		{0299E0B3-9BAE-43E7-835E-665EAF826D15}.Debug|Any CPU.ActiveCfg = Debug|Any CPU
		{0299E0B3-9BAE-43E7-835E-665EAF826D15}.Debug|Any CPU.Build.0 = Debug|Any CPU
		{0299E0B3-9BAE-43E7-835E-665EAF826D15}.Debug|x64.ActiveCfg = Debug|Any CPU
		{0299E0B3-9BAE-43E7-835E-665EAF826D15}.Debug|x64.Build.0 = Debug|Any CPU
		{0299E0B3-9BAE-43E7-835E-665EAF826D15}.Debug|x86.ActiveCfg = Debug|Any CPU
		{0299E0B3-9BAE-43E7-835E-665EAF826D15}.Debug|x86.Build.0 = Debug|Any CPU
		{0299E0B3-9BAE-43E7-835E-665EAF826D15}.Release|Any CPU.ActiveCfg = Release|Any CPU
		{0299E0B3-9BAE-43E7-835E-665EAF826D15}.Release|Any CPU.Build.0 = Release|Any CPU
		{0299E0B3-9BAE-43E7-835E-665EAF826D15}.Release|x64.ActiveCfg = Release|Any CPU
		{0299E0B3-9BAE-43E7-835E-665EAF826D15}.Release|x64.Build.0 = Release|Any CPU
		{0299E0B3-9BAE-43E7-835E-665EAF826D15}.Release|x86.ActiveCfg = Release|Any CPU
		{0299E0B3-9BAE-43E7-835E-665EAF826D15}.Release|x86.Build.0 = Release|Any CPU
		{4A31CB44-6ABA-4A93-B786-AEB6F67493B4}.Debug|Any CPU.ActiveCfg = Debug|Any CPU
		{4A31CB44-6ABA-4A93-B786-AEB6F67493B4}.Debug|Any CPU.Build.0 = Debug|Any CPU
		{4A31CB44-6ABA-4A93-B786-AEB6F67493B4}.Debug|x64.ActiveCfg = Debug|Any CPU
		{4A31CB44-6ABA-4A93-B786-AEB6F67493B4}.Debug|x64.Build.0 = Debug|Any CPU
		{4A31CB44-6ABA-4A93-B786-AEB6F67493B4}.Debug|x86.ActiveCfg = Debug|Any CPU
		{4A31CB44-6ABA-4A93-B786-AEB6F67493B4}.Debug|x86.Build.0 = Debug|Any CPU
		{4A31CB44-6ABA-4A93-B786-AEB6F67493B4}.Release|Any CPU.ActiveCfg = Release|Any CPU
		{4A31CB44-6ABA-4A93-B786-AEB6F67493B4}.Release|Any CPU.Build.0 = Release|Any CPU
		{4A31CB44-6ABA-4A93-B786-AEB6F67493B4}.Release|x64.ActiveCfg = Release|Any CPU
		{4A31CB44-6ABA-4A93-B786-AEB6F67493B4}.Release|x64.Build.0 = Release|Any CPU
		{4A31CB44-6ABA-4A93-B786-AEB6F67493B4}.Release|x86.ActiveCfg = Release|Any CPU
		{4A31CB44-6ABA-4A93-B786-AEB6F67493B4}.Release|x86.Build.0 = Release|Any CPU
		{9EF97A6B-6107-43BB-A548-8ED467433E1B}.Debug|Any CPU.ActiveCfg = Debug|Any CPU
		{9EF97A6B-6107-43BB-A548-8ED467433E1B}.Debug|Any CPU.Build.0 = Debug|Any CPU
		{9EF97A6B-6107-43BB-A548-8ED467433E1B}.Debug|x64.ActiveCfg = Debug|Any CPU
		{9EF97A6B-6107-43BB-A548-8ED467433E1B}.Debug|x64.Build.0 = Debug|Any CPU
		{9EF97A6B-6107-43BB-A548-8ED467433E1B}.Debug|x86.ActiveCfg = Debug|Any CPU
		{9EF97A6B-6107-43BB-A548-8ED467433E1B}.Debug|x86.Build.0 = Debug|Any CPU
		{9EF97A6B-6107-43BB-A548-8ED467433E1B}.Release|Any CPU.ActiveCfg = Release|Any CPU
		{9EF97A6B-6107-43BB-A548-8ED467433E1B}.Release|Any CPU.Build.0 = Release|Any CPU
		{9EF97A6B-6107-43BB-A548-8ED467433E1B}.Release|x64.ActiveCfg = Release|Any CPU
		{9EF97A6B-6107-43BB-A548-8ED467433E1B}.Release|x64.Build.0 = Release|Any CPU
		{9EF97A6B-6107-43BB-A548-8ED467433E1B}.Release|x86.ActiveCfg = Release|Any CPU
		{9EF97A6B-6107-43BB-A548-8ED467433E1B}.Release|x86.Build.0 = Release|Any CPU
		{960F8405-367B-4A0A-A8E8-C3D3914A713C}.Debug|Any CPU.ActiveCfg = Debug|Any CPU
		{960F8405-367B-4A0A-A8E8-C3D3914A713C}.Debug|Any CPU.Build.0 = Debug|Any CPU
		{960F8405-367B-4A0A-A8E8-C3D3914A713C}.Debug|x64.ActiveCfg = Debug|Any CPU
		{960F8405-367B-4A0A-A8E8-C3D3914A713C}.Debug|x64.Build.0 = Debug|Any CPU
		{960F8405-367B-4A0A-A8E8-C3D3914A713C}.Debug|x86.ActiveCfg = Debug|Any CPU
		{960F8405-367B-4A0A-A8E8-C3D3914A713C}.Debug|x86.Build.0 = Debug|Any CPU
		{960F8405-367B-4A0A-A8E8-C3D3914A713C}.Release|Any CPU.ActiveCfg = Release|Any CPU
		{960F8405-367B-4A0A-A8E8-C3D3914A713C}.Release|Any CPU.Build.0 = Release|Any CPU
		{960F8405-367B-4A0A-A8E8-C3D3914A713C}.Release|x64.ActiveCfg = Release|Any CPU
		{960F8405-367B-4A0A-A8E8-C3D3914A713C}.Release|x64.Build.0 = Release|Any CPU
		{960F8405-367B-4A0A-A8E8-C3D3914A713C}.Release|x86.ActiveCfg = Release|Any CPU
		{960F8405-367B-4A0A-A8E8-C3D3914A713C}.Release|x86.Build.0 = Release|Any CPU
		{785B39F7-7211-439E-8228-E42543CE77D1}.Debug|Any CPU.ActiveCfg = Debug|Any CPU
		{785B39F7-7211-439E-8228-E42543CE77D1}.Debug|Any CPU.Build.0 = Debug|Any CPU
		{785B39F7-7211-439E-8228-E42543CE77D1}.Debug|x64.ActiveCfg = Debug|Any CPU
		{785B39F7-7211-439E-8228-E42543CE77D1}.Debug|x64.Build.0 = Debug|Any CPU
		{785B39F7-7211-439E-8228-E42543CE77D1}.Debug|x86.ActiveCfg = Debug|Any CPU
		{785B39F7-7211-439E-8228-E42543CE77D1}.Debug|x86.Build.0 = Debug|Any CPU
		{785B39F7-7211-439E-8228-E42543CE77D1}.Release|Any CPU.ActiveCfg = Release|Any CPU
		{785B39F7-7211-439E-8228-E42543CE77D1}.Release|Any CPU.Build.0 = Release|Any CPU
		{785B39F7-7211-439E-8228-E42543CE77D1}.Release|x64.ActiveCfg = Release|Any CPU
		{785B39F7-7211-439E-8228-E42543CE77D1}.Release|x64.Build.0 = Release|Any CPU
		{785B39F7-7211-439E-8228-E42543CE77D1}.Release|x86.ActiveCfg = Release|Any CPU
		{785B39F7-7211-439E-8228-E42543CE77D1}.Release|x86.Build.0 = Release|Any CPU
		{472A4C87-CE24-BA55-265A-FCE1DB52807C}.Debug|Any CPU.ActiveCfg = Debug|Any CPU
		{472A4C87-CE24-BA55-265A-FCE1DB52807C}.Debug|Any CPU.Build.0 = Debug|Any CPU
		{472A4C87-CE24-BA55-265A-FCE1DB52807C}.Debug|x64.ActiveCfg = Debug|Any CPU
		{472A4C87-CE24-BA55-265A-FCE1DB52807C}.Debug|x64.Build.0 = Debug|Any CPU
		{472A4C87-CE24-BA55-265A-FCE1DB52807C}.Debug|x86.ActiveCfg = Debug|Any CPU
		{472A4C87-CE24-BA55-265A-FCE1DB52807C}.Debug|x86.Build.0 = Debug|Any CPU
		{472A4C87-CE24-BA55-265A-FCE1DB52807C}.Release|Any CPU.ActiveCfg = Release|Any CPU
		{472A4C87-CE24-BA55-265A-FCE1DB52807C}.Release|Any CPU.Build.0 = Release|Any CPU
		{472A4C87-CE24-BA55-265A-FCE1DB52807C}.Release|x64.ActiveCfg = Release|Any CPU
		{472A4C87-CE24-BA55-265A-FCE1DB52807C}.Release|x64.Build.0 = Release|Any CPU
		{472A4C87-CE24-BA55-265A-FCE1DB52807C}.Release|x86.ActiveCfg = Release|Any CPU
		{472A4C87-CE24-BA55-265A-FCE1DB52807C}.Release|x86.Build.0 = Release|Any CPU
		{43C39EB2-CFE2-43B8-96DF-D115BFF728A0}.Debug|Any CPU.ActiveCfg = Debug|Any CPU
		{43C39EB2-CFE2-43B8-96DF-D115BFF728A0}.Debug|Any CPU.Build.0 = Debug|Any CPU
		{43C39EB2-CFE2-43B8-96DF-D115BFF728A0}.Debug|x64.ActiveCfg = Debug|Any CPU
		{43C39EB2-CFE2-43B8-96DF-D115BFF728A0}.Debug|x64.Build.0 = Debug|Any CPU
		{43C39EB2-CFE2-43B8-96DF-D115BFF728A0}.Debug|x86.ActiveCfg = Debug|Any CPU
		{43C39EB2-CFE2-43B8-96DF-D115BFF728A0}.Debug|x86.Build.0 = Debug|Any CPU
		{43C39EB2-CFE2-43B8-96DF-D115BFF728A0}.Release|Any CPU.ActiveCfg = Release|Any CPU
		{43C39EB2-CFE2-43B8-96DF-D115BFF728A0}.Release|Any CPU.Build.0 = Release|Any CPU
		{43C39EB2-CFE2-43B8-96DF-D115BFF728A0}.Release|x64.ActiveCfg = Release|Any CPU
		{43C39EB2-CFE2-43B8-96DF-D115BFF728A0}.Release|x64.Build.0 = Release|Any CPU
		{43C39EB2-CFE2-43B8-96DF-D115BFF728A0}.Release|x86.ActiveCfg = Release|Any CPU
		{43C39EB2-CFE2-43B8-96DF-D115BFF728A0}.Release|x86.Build.0 = Release|Any CPU
		{3536832A-78CA-43DD-8681-10A56F4D1FA9}.Debug|Any CPU.ActiveCfg = Debug|Any CPU
		{3536832A-78CA-43DD-8681-10A56F4D1FA9}.Debug|Any CPU.Build.0 = Debug|Any CPU
		{3536832A-78CA-43DD-8681-10A56F4D1FA9}.Debug|x64.ActiveCfg = Debug|Any CPU
		{3536832A-78CA-43DD-8681-10A56F4D1FA9}.Debug|x64.Build.0 = Debug|Any CPU
		{3536832A-78CA-43DD-8681-10A56F4D1FA9}.Debug|x86.ActiveCfg = Debug|Any CPU
		{3536832A-78CA-43DD-8681-10A56F4D1FA9}.Debug|x86.Build.0 = Debug|Any CPU
		{3536832A-78CA-43DD-8681-10A56F4D1FA9}.Release|Any CPU.ActiveCfg = Release|Any CPU
		{3536832A-78CA-43DD-8681-10A56F4D1FA9}.Release|Any CPU.Build.0 = Release|Any CPU
		{3536832A-78CA-43DD-8681-10A56F4D1FA9}.Release|x64.ActiveCfg = Release|Any CPU
		{3536832A-78CA-43DD-8681-10A56F4D1FA9}.Release|x64.Build.0 = Release|Any CPU
		{3536832A-78CA-43DD-8681-10A56F4D1FA9}.Release|x86.ActiveCfg = Release|Any CPU
		{3536832A-78CA-43DD-8681-10A56F4D1FA9}.Release|x86.Build.0 = Release|Any CPU
		{D98DE500-C435-4B26-9D9C-7F4DFB8CB24F}.Debug|Any CPU.ActiveCfg = Debug|Any CPU
		{D98DE500-C435-4B26-9D9C-7F4DFB8CB24F}.Debug|Any CPU.Build.0 = Debug|Any CPU
		{D98DE500-C435-4B26-9D9C-7F4DFB8CB24F}.Debug|x64.ActiveCfg = Debug|Any CPU
		{D98DE500-C435-4B26-9D9C-7F4DFB8CB24F}.Debug|x64.Build.0 = Debug|Any CPU
		{D98DE500-C435-4B26-9D9C-7F4DFB8CB24F}.Debug|x86.ActiveCfg = Debug|Any CPU
		{D98DE500-C435-4B26-9D9C-7F4DFB8CB24F}.Debug|x86.Build.0 = Debug|Any CPU
		{D98DE500-C435-4B26-9D9C-7F4DFB8CB24F}.Release|Any CPU.ActiveCfg = Release|Any CPU
		{D98DE500-C435-4B26-9D9C-7F4DFB8CB24F}.Release|Any CPU.Build.0 = Release|Any CPU
		{D98DE500-C435-4B26-9D9C-7F4DFB8CB24F}.Release|x64.ActiveCfg = Release|Any CPU
		{D98DE500-C435-4B26-9D9C-7F4DFB8CB24F}.Release|x64.Build.0 = Release|Any CPU
		{D98DE500-C435-4B26-9D9C-7F4DFB8CB24F}.Release|x86.ActiveCfg = Release|Any CPU
		{D98DE500-C435-4B26-9D9C-7F4DFB8CB24F}.Release|x86.Build.0 = Release|Any CPU
		{ED05CE94-17CB-4C9B-B05E-D8F909D08561}.Debug|Any CPU.ActiveCfg = Debug|Any CPU
		{ED05CE94-17CB-4C9B-B05E-D8F909D08561}.Debug|Any CPU.Build.0 = Debug|Any CPU
		{ED05CE94-17CB-4C9B-B05E-D8F909D08561}.Debug|x64.ActiveCfg = Debug|Any CPU
		{ED05CE94-17CB-4C9B-B05E-D8F909D08561}.Debug|x64.Build.0 = Debug|Any CPU
		{ED05CE94-17CB-4C9B-B05E-D8F909D08561}.Debug|x86.ActiveCfg = Debug|Any CPU
		{ED05CE94-17CB-4C9B-B05E-D8F909D08561}.Debug|x86.Build.0 = Debug|Any CPU
		{ED05CE94-17CB-4C9B-B05E-D8F909D08561}.Release|Any CPU.ActiveCfg = Release|Any CPU
		{ED05CE94-17CB-4C9B-B05E-D8F909D08561}.Release|Any CPU.Build.0 = Release|Any CPU
		{ED05CE94-17CB-4C9B-B05E-D8F909D08561}.Release|x64.ActiveCfg = Release|Any CPU
		{ED05CE94-17CB-4C9B-B05E-D8F909D08561}.Release|x64.Build.0 = Release|Any CPU
		{ED05CE94-17CB-4C9B-B05E-D8F909D08561}.Release|x86.ActiveCfg = Release|Any CPU
		{ED05CE94-17CB-4C9B-B05E-D8F909D08561}.Release|x86.Build.0 = Release|Any CPU
		{E9BCEC63-615E-481B-BD77-2C22A0DD9B4E}.Debug|Any CPU.ActiveCfg = Debug|Any CPU
		{E9BCEC63-615E-481B-BD77-2C22A0DD9B4E}.Debug|Any CPU.Build.0 = Debug|Any CPU
		{E9BCEC63-615E-481B-BD77-2C22A0DD9B4E}.Debug|x64.ActiveCfg = Debug|Any CPU
		{E9BCEC63-615E-481B-BD77-2C22A0DD9B4E}.Debug|x64.Build.0 = Debug|Any CPU
		{E9BCEC63-615E-481B-BD77-2C22A0DD9B4E}.Debug|x86.ActiveCfg = Debug|Any CPU
		{E9BCEC63-615E-481B-BD77-2C22A0DD9B4E}.Debug|x86.Build.0 = Debug|Any CPU
		{E9BCEC63-615E-481B-BD77-2C22A0DD9B4E}.Release|Any CPU.ActiveCfg = Release|Any CPU
		{E9BCEC63-615E-481B-BD77-2C22A0DD9B4E}.Release|Any CPU.Build.0 = Release|Any CPU
		{E9BCEC63-615E-481B-BD77-2C22A0DD9B4E}.Release|x64.ActiveCfg = Release|Any CPU
		{E9BCEC63-615E-481B-BD77-2C22A0DD9B4E}.Release|x64.Build.0 = Release|Any CPU
		{E9BCEC63-615E-481B-BD77-2C22A0DD9B4E}.Release|x86.ActiveCfg = Release|Any CPU
		{E9BCEC63-615E-481B-BD77-2C22A0DD9B4E}.Release|x86.Build.0 = Release|Any CPU
		{152C8ACF-7B0E-4F56-A2D3-EA31AF4D51B2}.Debug|Any CPU.ActiveCfg = Debug|Any CPU
		{152C8ACF-7B0E-4F56-A2D3-EA31AF4D51B2}.Debug|Any CPU.Build.0 = Debug|Any CPU
		{152C8ACF-7B0E-4F56-A2D3-EA31AF4D51B2}.Debug|x64.ActiveCfg = Debug|Any CPU
		{152C8ACF-7B0E-4F56-A2D3-EA31AF4D51B2}.Debug|x64.Build.0 = Debug|Any CPU
		{152C8ACF-7B0E-4F56-A2D3-EA31AF4D51B2}.Debug|x86.ActiveCfg = Debug|Any CPU
		{152C8ACF-7B0E-4F56-A2D3-EA31AF4D51B2}.Debug|x86.Build.0 = Debug|Any CPU
		{152C8ACF-7B0E-4F56-A2D3-EA31AF4D51B2}.Release|Any CPU.ActiveCfg = Release|Any CPU
		{152C8ACF-7B0E-4F56-A2D3-EA31AF4D51B2}.Release|Any CPU.Build.0 = Release|Any CPU
		{152C8ACF-7B0E-4F56-A2D3-EA31AF4D51B2}.Release|x64.ActiveCfg = Release|Any CPU
		{152C8ACF-7B0E-4F56-A2D3-EA31AF4D51B2}.Release|x64.Build.0 = Release|Any CPU
		{152C8ACF-7B0E-4F56-A2D3-EA31AF4D51B2}.Release|x86.ActiveCfg = Release|Any CPU
		{152C8ACF-7B0E-4F56-A2D3-EA31AF4D51B2}.Release|x86.Build.0 = Release|Any CPU
		{FD6663AC-AA5F-4926-B28C-2553B606D2BB}.Debug|Any CPU.ActiveCfg = Debug|Any CPU
		{FD6663AC-AA5F-4926-B28C-2553B606D2BB}.Debug|Any CPU.Build.0 = Debug|Any CPU
		{FD6663AC-AA5F-4926-B28C-2553B606D2BB}.Debug|x64.ActiveCfg = Debug|Any CPU
		{FD6663AC-AA5F-4926-B28C-2553B606D2BB}.Debug|x64.Build.0 = Debug|Any CPU
		{FD6663AC-AA5F-4926-B28C-2553B606D2BB}.Debug|x86.ActiveCfg = Debug|Any CPU
		{FD6663AC-AA5F-4926-B28C-2553B606D2BB}.Debug|x86.Build.0 = Debug|Any CPU
		{FD6663AC-AA5F-4926-B28C-2553B606D2BB}.Release|Any CPU.ActiveCfg = Release|Any CPU
		{FD6663AC-AA5F-4926-B28C-2553B606D2BB}.Release|Any CPU.Build.0 = Release|Any CPU
		{FD6663AC-AA5F-4926-B28C-2553B606D2BB}.Release|x64.ActiveCfg = Release|Any CPU
		{FD6663AC-AA5F-4926-B28C-2553B606D2BB}.Release|x64.Build.0 = Release|Any CPU
		{FD6663AC-AA5F-4926-B28C-2553B606D2BB}.Release|x86.ActiveCfg = Release|Any CPU
		{FD6663AC-AA5F-4926-B28C-2553B606D2BB}.Release|x86.Build.0 = Release|Any CPU
		{7DA29786-F05D-489A-861E-424D81C20E6C}.Debug|Any CPU.ActiveCfg = Debug|Any CPU
		{7DA29786-F05D-489A-861E-424D81C20E6C}.Debug|Any CPU.Build.0 = Debug|Any CPU
		{7DA29786-F05D-489A-861E-424D81C20E6C}.Debug|x64.ActiveCfg = Debug|Any CPU
		{7DA29786-F05D-489A-861E-424D81C20E6C}.Debug|x64.Build.0 = Debug|Any CPU
		{7DA29786-F05D-489A-861E-424D81C20E6C}.Debug|x86.ActiveCfg = Debug|Any CPU
		{7DA29786-F05D-489A-861E-424D81C20E6C}.Debug|x86.Build.0 = Debug|Any CPU
		{7DA29786-F05D-489A-861E-424D81C20E6C}.Release|Any CPU.ActiveCfg = Release|Any CPU
		{7DA29786-F05D-489A-861E-424D81C20E6C}.Release|Any CPU.Build.0 = Release|Any CPU
		{7DA29786-F05D-489A-861E-424D81C20E6C}.Release|x64.ActiveCfg = Release|Any CPU
		{7DA29786-F05D-489A-861E-424D81C20E6C}.Release|x64.Build.0 = Release|Any CPU
		{7DA29786-F05D-489A-861E-424D81C20E6C}.Release|x86.ActiveCfg = Release|Any CPU
		{7DA29786-F05D-489A-861E-424D81C20E6C}.Release|x86.Build.0 = Release|Any CPU
		{5DBFEA01-19B5-46F4-9870-7AD2047A4A65}.Debug|Any CPU.ActiveCfg = Debug|Any CPU
		{5DBFEA01-19B5-46F4-9870-7AD2047A4A65}.Debug|Any CPU.Build.0 = Debug|Any CPU
		{5DBFEA01-19B5-46F4-9870-7AD2047A4A65}.Debug|x64.ActiveCfg = Debug|Any CPU
		{5DBFEA01-19B5-46F4-9870-7AD2047A4A65}.Debug|x64.Build.0 = Debug|Any CPU
		{5DBFEA01-19B5-46F4-9870-7AD2047A4A65}.Debug|x86.ActiveCfg = Debug|Any CPU
		{5DBFEA01-19B5-46F4-9870-7AD2047A4A65}.Debug|x86.Build.0 = Debug|Any CPU
		{5DBFEA01-19B5-46F4-9870-7AD2047A4A65}.Release|Any CPU.ActiveCfg = Release|Any CPU
		{5DBFEA01-19B5-46F4-9870-7AD2047A4A65}.Release|Any CPU.Build.0 = Release|Any CPU
		{5DBFEA01-19B5-46F4-9870-7AD2047A4A65}.Release|x64.ActiveCfg = Release|Any CPU
		{5DBFEA01-19B5-46F4-9870-7AD2047A4A65}.Release|x64.Build.0 = Release|Any CPU
		{5DBFEA01-19B5-46F4-9870-7AD2047A4A65}.Release|x86.ActiveCfg = Release|Any CPU
		{5DBFEA01-19B5-46F4-9870-7AD2047A4A65}.Release|x86.Build.0 = Release|Any CPU
		{43F7F0E7-2EDA-4D13-BA58-030AFC7118AC}.Debug|Any CPU.ActiveCfg = Debug|Any CPU
		{43F7F0E7-2EDA-4D13-BA58-030AFC7118AC}.Debug|Any CPU.Build.0 = Debug|Any CPU
		{43F7F0E7-2EDA-4D13-BA58-030AFC7118AC}.Debug|x64.ActiveCfg = Debug|Any CPU
		{43F7F0E7-2EDA-4D13-BA58-030AFC7118AC}.Debug|x64.Build.0 = Debug|Any CPU
		{43F7F0E7-2EDA-4D13-BA58-030AFC7118AC}.Debug|x86.ActiveCfg = Debug|Any CPU
		{43F7F0E7-2EDA-4D13-BA58-030AFC7118AC}.Debug|x86.Build.0 = Debug|Any CPU
		{43F7F0E7-2EDA-4D13-BA58-030AFC7118AC}.Release|Any CPU.ActiveCfg = Release|Any CPU
		{43F7F0E7-2EDA-4D13-BA58-030AFC7118AC}.Release|Any CPU.Build.0 = Release|Any CPU
		{43F7F0E7-2EDA-4D13-BA58-030AFC7118AC}.Release|x64.ActiveCfg = Release|Any CPU
		{43F7F0E7-2EDA-4D13-BA58-030AFC7118AC}.Release|x64.Build.0 = Release|Any CPU
		{43F7F0E7-2EDA-4D13-BA58-030AFC7118AC}.Release|x86.ActiveCfg = Release|Any CPU
		{43F7F0E7-2EDA-4D13-BA58-030AFC7118AC}.Release|x86.Build.0 = Release|Any CPU
		{90042928-C5DB-4379-9C78-295F79F4B491}.Debug|Any CPU.ActiveCfg = Debug|Any CPU
		{90042928-C5DB-4379-9C78-295F79F4B491}.Debug|Any CPU.Build.0 = Debug|Any CPU
		{90042928-C5DB-4379-9C78-295F79F4B491}.Debug|x64.ActiveCfg = Debug|Any CPU
		{90042928-C5DB-4379-9C78-295F79F4B491}.Debug|x64.Build.0 = Debug|Any CPU
		{90042928-C5DB-4379-9C78-295F79F4B491}.Debug|x86.ActiveCfg = Debug|Any CPU
		{90042928-C5DB-4379-9C78-295F79F4B491}.Debug|x86.Build.0 = Debug|Any CPU
		{90042928-C5DB-4379-9C78-295F79F4B491}.Release|Any CPU.ActiveCfg = Release|Any CPU
		{90042928-C5DB-4379-9C78-295F79F4B491}.Release|Any CPU.Build.0 = Release|Any CPU
		{90042928-C5DB-4379-9C78-295F79F4B491}.Release|x64.ActiveCfg = Release|Any CPU
		{90042928-C5DB-4379-9C78-295F79F4B491}.Release|x64.Build.0 = Release|Any CPU
		{90042928-C5DB-4379-9C78-295F79F4B491}.Release|x86.ActiveCfg = Release|Any CPU
		{90042928-C5DB-4379-9C78-295F79F4B491}.Release|x86.Build.0 = Release|Any CPU
		{74CA95CA-31CC-4EF7-BADB-92075F6DC9C3}.Debug|Any CPU.ActiveCfg = Debug|Any CPU
		{74CA95CA-31CC-4EF7-BADB-92075F6DC9C3}.Debug|Any CPU.Build.0 = Debug|Any CPU
		{74CA95CA-31CC-4EF7-BADB-92075F6DC9C3}.Debug|x64.ActiveCfg = Debug|Any CPU
		{74CA95CA-31CC-4EF7-BADB-92075F6DC9C3}.Debug|x64.Build.0 = Debug|Any CPU
		{74CA95CA-31CC-4EF7-BADB-92075F6DC9C3}.Debug|x86.ActiveCfg = Debug|Any CPU
		{74CA95CA-31CC-4EF7-BADB-92075F6DC9C3}.Debug|x86.Build.0 = Debug|Any CPU
		{74CA95CA-31CC-4EF7-BADB-92075F6DC9C3}.Release|Any CPU.ActiveCfg = Release|Any CPU
		{74CA95CA-31CC-4EF7-BADB-92075F6DC9C3}.Release|Any CPU.Build.0 = Release|Any CPU
		{74CA95CA-31CC-4EF7-BADB-92075F6DC9C3}.Release|x64.ActiveCfg = Release|Any CPU
		{74CA95CA-31CC-4EF7-BADB-92075F6DC9C3}.Release|x64.Build.0 = Release|Any CPU
		{74CA95CA-31CC-4EF7-BADB-92075F6DC9C3}.Release|x86.ActiveCfg = Release|Any CPU
		{74CA95CA-31CC-4EF7-BADB-92075F6DC9C3}.Release|x86.Build.0 = Release|Any CPU
		{F2A30BF8-73B2-4F08-B202-C665612D4727}.Debug|Any CPU.ActiveCfg = Debug|Any CPU
		{F2A30BF8-73B2-4F08-B202-C665612D4727}.Debug|Any CPU.Build.0 = Debug|Any CPU
		{F2A30BF8-73B2-4F08-B202-C665612D4727}.Debug|x64.ActiveCfg = Debug|Any CPU
		{F2A30BF8-73B2-4F08-B202-C665612D4727}.Debug|x64.Build.0 = Debug|Any CPU
		{F2A30BF8-73B2-4F08-B202-C665612D4727}.Debug|x86.ActiveCfg = Debug|Any CPU
		{F2A30BF8-73B2-4F08-B202-C665612D4727}.Debug|x86.Build.0 = Debug|Any CPU
		{F2A30BF8-73B2-4F08-B202-C665612D4727}.Release|Any CPU.ActiveCfg = Release|Any CPU
		{F2A30BF8-73B2-4F08-B202-C665612D4727}.Release|Any CPU.Build.0 = Release|Any CPU
		{F2A30BF8-73B2-4F08-B202-C665612D4727}.Release|x64.ActiveCfg = Release|Any CPU
		{F2A30BF8-73B2-4F08-B202-C665612D4727}.Release|x64.Build.0 = Release|Any CPU
		{F2A30BF8-73B2-4F08-B202-C665612D4727}.Release|x86.ActiveCfg = Release|Any CPU
		{F2A30BF8-73B2-4F08-B202-C665612D4727}.Release|x86.Build.0 = Release|Any CPU
		{F2CAF6A3-748A-5288-4668-1C1B0429CAB5}.Debug|Any CPU.ActiveCfg = Debug|Any CPU
		{F2CAF6A3-748A-5288-4668-1C1B0429CAB5}.Debug|Any CPU.Build.0 = Debug|Any CPU
		{F2CAF6A3-748A-5288-4668-1C1B0429CAB5}.Debug|x64.ActiveCfg = Debug|Any CPU
		{F2CAF6A3-748A-5288-4668-1C1B0429CAB5}.Debug|x64.Build.0 = Debug|Any CPU
		{F2CAF6A3-748A-5288-4668-1C1B0429CAB5}.Debug|x86.ActiveCfg = Debug|Any CPU
		{F2CAF6A3-748A-5288-4668-1C1B0429CAB5}.Debug|x86.Build.0 = Debug|Any CPU
		{F2CAF6A3-748A-5288-4668-1C1B0429CAB5}.Release|Any CPU.ActiveCfg = Release|Any CPU
		{F2CAF6A3-748A-5288-4668-1C1B0429CAB5}.Release|Any CPU.Build.0 = Release|Any CPU
		{F2CAF6A3-748A-5288-4668-1C1B0429CAB5}.Release|x64.ActiveCfg = Release|Any CPU
		{F2CAF6A3-748A-5288-4668-1C1B0429CAB5}.Release|x64.Build.0 = Release|Any CPU
		{F2CAF6A3-748A-5288-4668-1C1B0429CAB5}.Release|x86.ActiveCfg = Release|Any CPU
		{F2CAF6A3-748A-5288-4668-1C1B0429CAB5}.Release|x86.Build.0 = Release|Any CPU
		{BE7A7D72-1BD7-4DED-B28A-A9597F3F81EF}.Debug|Any CPU.ActiveCfg = Debug|Any CPU
		{BE7A7D72-1BD7-4DED-B28A-A9597F3F81EF}.Debug|Any CPU.Build.0 = Debug|Any CPU
		{BE7A7D72-1BD7-4DED-B28A-A9597F3F81EF}.Debug|x64.ActiveCfg = Debug|Any CPU
		{BE7A7D72-1BD7-4DED-B28A-A9597F3F81EF}.Debug|x64.Build.0 = Debug|Any CPU
		{BE7A7D72-1BD7-4DED-B28A-A9597F3F81EF}.Debug|x86.ActiveCfg = Debug|Any CPU
		{BE7A7D72-1BD7-4DED-B28A-A9597F3F81EF}.Debug|x86.Build.0 = Debug|Any CPU
		{BE7A7D72-1BD7-4DED-B28A-A9597F3F81EF}.Release|Any CPU.ActiveCfg = Release|Any CPU
		{BE7A7D72-1BD7-4DED-B28A-A9597F3F81EF}.Release|Any CPU.Build.0 = Release|Any CPU
		{BE7A7D72-1BD7-4DED-B28A-A9597F3F81EF}.Release|x64.ActiveCfg = Release|Any CPU
		{BE7A7D72-1BD7-4DED-B28A-A9597F3F81EF}.Release|x64.Build.0 = Release|Any CPU
		{BE7A7D72-1BD7-4DED-B28A-A9597F3F81EF}.Release|x86.ActiveCfg = Release|Any CPU
		{BE7A7D72-1BD7-4DED-B28A-A9597F3F81EF}.Release|x86.Build.0 = Release|Any CPU
		{45F2F3A2-14E9-473A-AF40-B3314762A6E7}.Debug|Any CPU.ActiveCfg = Debug|Any CPU
		{45F2F3A2-14E9-473A-AF40-B3314762A6E7}.Debug|Any CPU.Build.0 = Debug|Any CPU
		{45F2F3A2-14E9-473A-AF40-B3314762A6E7}.Debug|x64.ActiveCfg = Debug|Any CPU
		{45F2F3A2-14E9-473A-AF40-B3314762A6E7}.Debug|x64.Build.0 = Debug|Any CPU
		{45F2F3A2-14E9-473A-AF40-B3314762A6E7}.Debug|x86.ActiveCfg = Debug|Any CPU
		{45F2F3A2-14E9-473A-AF40-B3314762A6E7}.Debug|x86.Build.0 = Debug|Any CPU
		{45F2F3A2-14E9-473A-AF40-B3314762A6E7}.Release|Any CPU.ActiveCfg = Release|Any CPU
		{45F2F3A2-14E9-473A-AF40-B3314762A6E7}.Release|Any CPU.Build.0 = Release|Any CPU
		{45F2F3A2-14E9-473A-AF40-B3314762A6E7}.Release|x64.ActiveCfg = Release|Any CPU
		{45F2F3A2-14E9-473A-AF40-B3314762A6E7}.Release|x64.Build.0 = Release|Any CPU
		{45F2F3A2-14E9-473A-AF40-B3314762A6E7}.Release|x86.ActiveCfg = Release|Any CPU
		{45F2F3A2-14E9-473A-AF40-B3314762A6E7}.Release|x86.Build.0 = Release|Any CPU
		{E10D9D19-8D1A-4487-9E1A-445020FBFD6B}.Debug|Any CPU.ActiveCfg = Debug|Any CPU
		{E10D9D19-8D1A-4487-9E1A-445020FBFD6B}.Debug|Any CPU.Build.0 = Debug|Any CPU
		{E10D9D19-8D1A-4487-9E1A-445020FBFD6B}.Debug|x64.ActiveCfg = Debug|Any CPU
		{E10D9D19-8D1A-4487-9E1A-445020FBFD6B}.Debug|x64.Build.0 = Debug|Any CPU
		{E10D9D19-8D1A-4487-9E1A-445020FBFD6B}.Debug|x86.ActiveCfg = Debug|Any CPU
		{E10D9D19-8D1A-4487-9E1A-445020FBFD6B}.Debug|x86.Build.0 = Debug|Any CPU
		{E10D9D19-8D1A-4487-9E1A-445020FBFD6B}.Release|Any CPU.ActiveCfg = Release|Any CPU
		{E10D9D19-8D1A-4487-9E1A-445020FBFD6B}.Release|Any CPU.Build.0 = Release|Any CPU
		{E10D9D19-8D1A-4487-9E1A-445020FBFD6B}.Release|x64.ActiveCfg = Release|Any CPU
		{E10D9D19-8D1A-4487-9E1A-445020FBFD6B}.Release|x64.Build.0 = Release|Any CPU
		{E10D9D19-8D1A-4487-9E1A-445020FBFD6B}.Release|x86.ActiveCfg = Release|Any CPU
		{E10D9D19-8D1A-4487-9E1A-445020FBFD6B}.Release|x86.Build.0 = Release|Any CPU
	EndGlobalSection
	GlobalSection(SolutionProperties) = preSolution
		HideSolutionNode = FALSE
	EndGlobalSection
	GlobalSection(NestedProjects) = preSolution
		{EAE6FFAD-B8F5-4AFA-8A48-4CD5E2801D05} = {75C7F3F4-1483-4CEC-9660-8F5D252FB393}
		{9048EB7F-3875-A59E-E36B-5BD4C6F2A282} = {827E0CD3-B72D-47B6-A68D-7590B98EB39B}
		{06F73863-3055-4556-9417-EA009A1085EE} = {9048EB7F-3875-A59E-E36B-5BD4C6F2A282}
		{0299E0B3-9BAE-43E7-835E-665EAF826D15} = {9048EB7F-3875-A59E-E36B-5BD4C6F2A282}
		{4A31CB44-6ABA-4A93-B786-AEB6F67493B4} = {35570C6D-C4FD-4B12-80F7-15DB528FDDCC}
		{9EF97A6B-6107-43BB-A548-8ED467433E1B} = {B027EC8B-43C3-49CD-9232-A6A4817E4973}
		{960F8405-367B-4A0A-A8E8-C3D3914A713C} = {8D9ABA0D-C771-4EB6-B8E1-5C9B1BD6BF4C}
		{785B39F7-7211-439E-8228-E42543CE77D1} = {35570C6D-C4FD-4B12-80F7-15DB528FDDCC}
		{472A4C87-CE24-BA55-265A-FCE1DB52807C} = {B027EC8B-43C3-49CD-9232-A6A4817E4973}
		{43C39EB2-CFE2-43B8-96DF-D115BFF728A0} = {7105505F-3554-4DD1-A578-B7679768E888}
		{3536832A-78CA-43DD-8681-10A56F4D1FA9} = {51D88490-8A66-408E-8FD9-725733C12C46}
		{D98DE500-C435-4B26-9D9C-7F4DFB8CB24F} = {75C7F3F4-1483-4CEC-9660-8F5D252FB393}
		{ED05CE94-17CB-4C9B-B05E-D8F909D08561} = {7105505F-3554-4DD1-A578-B7679768E888}
		{E9BCEC63-615E-481B-BD77-2C22A0DD9B4E} = {51D88490-8A66-408E-8FD9-725733C12C46}
		{152C8ACF-7B0E-4F56-A2D3-EA31AF4D51B2} = {75C7F3F4-1483-4CEC-9660-8F5D252FB393}
		{FD6663AC-AA5F-4926-B28C-2553B606D2BB} = {7105505F-3554-4DD1-A578-B7679768E888}
		{7DA29786-F05D-489A-861E-424D81C20E6C} = {5263BAAE-EE9F-4DFE-9B19-A194014A1F51}
		{5DBFEA01-19B5-46F4-9870-7AD2047A4A65} = {35570C6D-C4FD-4B12-80F7-15DB528FDDCC}
		{43F7F0E7-2EDA-4D13-BA58-030AFC7118AC} = {5263BAAE-EE9F-4DFE-9B19-A194014A1F51}
		{90042928-C5DB-4379-9C78-295F79F4B491} = {5263BAAE-EE9F-4DFE-9B19-A194014A1F51}
		{7105505F-3554-4DD1-A578-B7679768E888} = {8D6C077D-F5C9-43AC-B00A-C029941B5136}
		{5263BAAE-EE9F-4DFE-9B19-A194014A1F51} = {8D6C077D-F5C9-43AC-B00A-C029941B5136}
		{51D88490-8A66-408E-8FD9-725733C12C46} = {8D6C077D-F5C9-43AC-B00A-C029941B5136}
		{75C7F3F4-1483-4CEC-9660-8F5D252FB393} = {8D6C077D-F5C9-43AC-B00A-C029941B5136}
		{B027EC8B-43C3-49CD-9232-A6A4817E4973} = {827E0CD3-B72D-47B6-A68D-7590B98EB39B}
		{8D6C077D-F5C9-43AC-B00A-C029941B5136} = {827E0CD3-B72D-47B6-A68D-7590B98EB39B}
		{74CA95CA-31CC-4EF7-BADB-92075F6DC9C3} = {7105505F-3554-4DD1-A578-B7679768E888}
		{F2A30BF8-73B2-4F08-B202-C665612D4727} = {5263BAAE-EE9F-4DFE-9B19-A194014A1F51}
		{F2CAF6A3-748A-5288-4668-1C1B0429CAB5} = {51D88490-8A66-408E-8FD9-725733C12C46}
		{35570C6D-C4FD-4B12-80F7-15DB528FDDCC} = {827E0CD3-B72D-47B6-A68D-7590B98EB39B}
		{BE7A7D72-1BD7-4DED-B28A-A9597F3F81EF} = {9048EB7F-3875-A59E-E36B-5BD4C6F2A282}
		{45F2F3A2-14E9-473A-AF40-B3314762A6E7} = {75C7F3F4-1483-4CEC-9660-8F5D252FB393}
		{E10D9D19-8D1A-4487-9E1A-445020FBFD6B} = {51D88490-8A66-408E-8FD9-725733C12C46}
	EndGlobalSection
	GlobalSection(ExtensibilityGlobals) = postSolution
		SolutionGuid = {71CAA84E-AC05-46DA-9E14-61693BD3C351}
	EndGlobalSection
EndGlobal
